
Microsoft Visual Studio Solution File, Format Version 12.00
# Visual Studio 15
VisualStudioVersion = 15.0.26430.6
MinimumVisualStudioVersion = 10.0.40219.1
Project("{FAE04EC0-301F-11D3-BF4B-00C04F79EFBC}") = "Online", "Online\Online.csproj", "{70360F72-A110-4A95-80E6-ED28DA683297}"
EndProject
Project("{FAE04EC0-301F-11D3-BF4B-00C04F79EFBC}") = "TOHW", "TOHW\TOHW.csproj", "{19139119-4F16-4065-8BCC-F6B712D75DF2}"
EndProject
Project("{FAE04EC0-301F-11D3-BF4B-00C04F79EFBC}") = "TeOranganui", "TeOranganui\TeOranganui.csproj", "{464BE27D-1A0D-4908-A318-5DA8C168D7B1}"
EndProject
Project("{FAE04EC0-301F-11D3-BF4B-00C04F79EFBC}") = "Generic", "Generic\Generic.csproj", "{790FA8DC-F11C-41DE-B52B-23C61A41C2F6}"
EndProject
Project("{FAE04EC0-301F-11D3-BF4B-00C04F79EFBC}") = "TichbonKumeroa", "TichbonKumeroa\TichbonKumeroa.csproj", "{BC223ACB-7E15-4AC9-B743-1E3745B158AA}"
EndProject
Project("{FAE04EC0-301F-11D3-BF4B-00C04F79EFBC}") = "MessagingApp", "..\MessagingApp\MessagingApp\MessagingApp.csproj", "{D7945DF2-0C15-4637-B905-E914B3448FBD}"
EndProject
Project("{FAE04EC0-301F-11D3-BF4B-00C04F79EFBC}") = "Auction", "Auction\Auction.csproj", "{33008459-999B-4E81-8773-395C0523297D}"
EndProject
Project("{FAE04EC0-301F-11D3-BF4B-00C04F79EFBC}") = "office.datainn.co.nz", "DataInnovations\office.datainn.co.nz.csproj", "{4FA4EC39-5836-4B0A-B64C-435CF3B6490C}"
EndProject
Project("{FAE04EC0-301F-11D3-BF4B-00C04F79EFBC}") = "SMS", "SMSCheck\SMS.csproj", "{97761C22-B87A-4DEA-860D-7A235F58BE99}"
EndProject
Project("{FAE04EC0-301F-11D3-BF4B-00C04F79EFBC}") = "SMSChecker", "SMSChecker\SMSChecker.csproj", "{2178880E-CABA-48DA-BCEA-475B83A2F5D5}"
EndProject
Project("{54435603-DBB4-11D2-8724-00A0C9A8B90C}") = "SMSCheckerService", "Installer\Installer.vdproj", "{8673150B-08E5-407A-9362-E303568CC387}"
EndProject
Project("{2150E333-8FDC-42A3-9474-1A3956D46DE8}") = "Solution Items", "Solution Items", "{89602768-C868-4FCE-8086-742EFC0C3AD5}"
	ProjectSection(SolutionItems) = preProject
		ReadMe.txt = ReadMe.txt
	EndProjectSection
EndProject
Project("{FAE04EC0-301F-11D3-BF4B-00C04F79EFBC}") = "SMSProcessing", "WindowsService1\SMSProcessing.csproj", "{D3A36070-8B98-405F-AE14-F6CF473F307D}"
EndProject
Project("{FAE04EC0-301F-11D3-BF4B-00C04F79EFBC}") = "iti.ninja", "iti.ninja\iti.ninja.csproj", "{BD98DC15-D572-4C65-A6F3-F50437F0C92F}"
EndProject
Project("{FAE04EC0-301F-11D3-BF4B-00C04F79EFBC}") = "datainn.co.nz", "datainn.co.nz\datainn.co.nz.csproj", "{CE655C31-F7C4-4D63-BE59-FD3941028CEE}"
EndProject
Project("{FAE04EC0-301F-11D3-BF4B-00C04F79EFBC}") = "Incedo", "Incedo\Incedo.csproj", "{AA2DD9C0-18D1-45E2-85F8-A40EA8545629}"
EndProject
Project("{FAE04EC0-301F-11D3-BF4B-00C04F79EFBC}") = "wanganuisportscentre.org.nz", "wanganuisportscentre.org.nz\wanganuisportscentre.org.nz.csproj", "{61EDB3B8-71E2-4869-8F92-3EF4158AF141}"
EndProject
Project("{FAE04EC0-301F-11D3-BF4B-00C04F79EFBC}") = "MicrosoftSignOn", "MicrosoftSignOn\MicrosoftSignOn.csproj", "{07C40E7A-A4DD-41FE-BDD4-5E188209AEE4}"
EndProject
Project("{FAE04EC0-301F-11D3-BF4B-00C04F79EFBC}") = "UBC", "UBC\UBC.csproj", "{6313BBDF-E79E-4DA0-A983-FFD0CC0AA0CC}"
EndProject
Project("{FAE04EC0-301F-11D3-BF4B-00C04F79EFBC}") = "BadHagrid", "BadHagrid\BadHagrid.csproj", "{03ACE18E-78BB-49F9-BFF8-A5386DB94E42}"
EndProject
Global
	GlobalSection(SolutionConfigurationPlatforms) = preSolution
		Debug|Any CPU = Debug|Any CPU
		Debug|ARM = Debug|ARM
		Debug|x64 = Debug|x64
		Debug|x86 = Debug|x86
		LocalHost|Any CPU = LocalHost|Any CPU
		LocalHost|ARM = LocalHost|ARM
		LocalHost|x64 = LocalHost|x64
		LocalHost|x86 = LocalHost|x86
		ProductionServer|Any CPU = ProductionServer|Any CPU
		ProductionServer|ARM = ProductionServer|ARM
		ProductionServer|x64 = ProductionServer|x64
		ProductionServer|x86 = ProductionServer|x86
		ProductionServerTEST|Any CPU = ProductionServerTEST|Any CPU
		ProductionServerTEST|ARM = ProductionServerTEST|ARM
		ProductionServerTEST|x64 = ProductionServerTEST|x64
		ProductionServerTEST|x86 = ProductionServerTEST|x86
		Release|Any CPU = Release|Any CPU
		Release|ARM = Release|ARM
		Release|x64 = Release|x64
		Release|x86 = Release|x86
		TestServer|Any CPU = TestServer|Any CPU
		TestServer|ARM = TestServer|ARM
		TestServer|x64 = TestServer|x64
		TestServer|x86 = TestServer|x86
	EndGlobalSection
	GlobalSection(ProjectConfigurationPlatforms) = postSolution
		{70360F72-A110-4A95-80E6-ED28DA683297}.Debug|Any CPU.ActiveCfg = Debug|Any CPU
		{70360F72-A110-4A95-80E6-ED28DA683297}.Debug|Any CPU.Build.0 = Debug|Any CPU
		{70360F72-A110-4A95-80E6-ED28DA683297}.Debug|ARM.ActiveCfg = Debug|Any CPU
		{70360F72-A110-4A95-80E6-ED28DA683297}.Debug|ARM.Build.0 = Debug|Any CPU
		{70360F72-A110-4A95-80E6-ED28DA683297}.Debug|x64.ActiveCfg = Debug|Any CPU
		{70360F72-A110-4A95-80E6-ED28DA683297}.Debug|x64.Build.0 = Debug|Any CPU
		{70360F72-A110-4A95-80E6-ED28DA683297}.Debug|x86.ActiveCfg = Debug|Any CPU
		{70360F72-A110-4A95-80E6-ED28DA683297}.Debug|x86.Build.0 = Debug|Any CPU
		{70360F72-A110-4A95-80E6-ED28DA683297}.LocalHost|Any CPU.ActiveCfg = LocalHost|Any CPU
		{70360F72-A110-4A95-80E6-ED28DA683297}.LocalHost|Any CPU.Build.0 = LocalHost|Any CPU
		{70360F72-A110-4A95-80E6-ED28DA683297}.LocalHost|ARM.ActiveCfg = LocalHost|Any CPU
		{70360F72-A110-4A95-80E6-ED28DA683297}.LocalHost|ARM.Build.0 = LocalHost|Any CPU
		{70360F72-A110-4A95-80E6-ED28DA683297}.LocalHost|x64.ActiveCfg = LocalHost|Any CPU
		{70360F72-A110-4A95-80E6-ED28DA683297}.LocalHost|x64.Build.0 = LocalHost|Any CPU
		{70360F72-A110-4A95-80E6-ED28DA683297}.LocalHost|x86.ActiveCfg = LocalHost|Any CPU
		{70360F72-A110-4A95-80E6-ED28DA683297}.LocalHost|x86.Build.0 = LocalHost|Any CPU
		{70360F72-A110-4A95-80E6-ED28DA683297}.ProductionServer|Any CPU.ActiveCfg = ProductionServer|Any CPU
		{70360F72-A110-4A95-80E6-ED28DA683297}.ProductionServer|Any CPU.Build.0 = ProductionServer|Any CPU
		{70360F72-A110-4A95-80E6-ED28DA683297}.ProductionServer|ARM.ActiveCfg = ProductionServer|Any CPU
		{70360F72-A110-4A95-80E6-ED28DA683297}.ProductionServer|ARM.Build.0 = ProductionServer|Any CPU
		{70360F72-A110-4A95-80E6-ED28DA683297}.ProductionServer|x64.ActiveCfg = ProductionServer|Any CPU
		{70360F72-A110-4A95-80E6-ED28DA683297}.ProductionServer|x64.Build.0 = ProductionServer|Any CPU
		{70360F72-A110-4A95-80E6-ED28DA683297}.ProductionServer|x86.ActiveCfg = ProductionServer|Any CPU
		{70360F72-A110-4A95-80E6-ED28DA683297}.ProductionServer|x86.Build.0 = ProductionServer|Any CPU
		{70360F72-A110-4A95-80E6-ED28DA683297}.ProductionServerTEST|Any CPU.ActiveCfg = ProductionServerTEST|Any CPU
		{70360F72-A110-4A95-80E6-ED28DA683297}.ProductionServerTEST|Any CPU.Build.0 = ProductionServerTEST|Any CPU
		{70360F72-A110-4A95-80E6-ED28DA683297}.ProductionServerTEST|ARM.ActiveCfg = ProductionServerTEST|Any CPU
		{70360F72-A110-4A95-80E6-ED28DA683297}.ProductionServerTEST|ARM.Build.0 = ProductionServerTEST|Any CPU
		{70360F72-A110-4A95-80E6-ED28DA683297}.ProductionServerTEST|x64.ActiveCfg = ProductionServerTEST|Any CPU
		{70360F72-A110-4A95-80E6-ED28DA683297}.ProductionServerTEST|x64.Build.0 = ProductionServerTEST|Any CPU
		{70360F72-A110-4A95-80E6-ED28DA683297}.ProductionServerTEST|x86.ActiveCfg = ProductionServerTEST|Any CPU
		{70360F72-A110-4A95-80E6-ED28DA683297}.ProductionServerTEST|x86.Build.0 = ProductionServerTEST|Any CPU
		{70360F72-A110-4A95-80E6-ED28DA683297}.Release|Any CPU.ActiveCfg = Release|Any CPU
		{70360F72-A110-4A95-80E6-ED28DA683297}.Release|Any CPU.Build.0 = Release|Any CPU
		{70360F72-A110-4A95-80E6-ED28DA683297}.Release|ARM.ActiveCfg = Release|Any CPU
		{70360F72-A110-4A95-80E6-ED28DA683297}.Release|ARM.Build.0 = Release|Any CPU
		{70360F72-A110-4A95-80E6-ED28DA683297}.Release|x64.ActiveCfg = Release|Any CPU
		{70360F72-A110-4A95-80E6-ED28DA683297}.Release|x64.Build.0 = Release|Any CPU
		{70360F72-A110-4A95-80E6-ED28DA683297}.Release|x86.ActiveCfg = Release|Any CPU
		{70360F72-A110-4A95-80E6-ED28DA683297}.Release|x86.Build.0 = Release|Any CPU
		{70360F72-A110-4A95-80E6-ED28DA683297}.TestServer|Any CPU.ActiveCfg = TestServer|Any CPU
		{70360F72-A110-4A95-80E6-ED28DA683297}.TestServer|Any CPU.Build.0 = TestServer|Any CPU
		{70360F72-A110-4A95-80E6-ED28DA683297}.TestServer|ARM.ActiveCfg = TestServer|Any CPU
		{70360F72-A110-4A95-80E6-ED28DA683297}.TestServer|ARM.Build.0 = TestServer|Any CPU
		{70360F72-A110-4A95-80E6-ED28DA683297}.TestServer|x64.ActiveCfg = TestServer|Any CPU
		{70360F72-A110-4A95-80E6-ED28DA683297}.TestServer|x64.Build.0 = TestServer|Any CPU
		{70360F72-A110-4A95-80E6-ED28DA683297}.TestServer|x86.ActiveCfg = TestServer|Any CPU
		{70360F72-A110-4A95-80E6-ED28DA683297}.TestServer|x86.Build.0 = TestServer|Any CPU
		{19139119-4F16-4065-8BCC-F6B712D75DF2}.Debug|Any CPU.ActiveCfg = Debug|Any CPU
		{19139119-4F16-4065-8BCC-F6B712D75DF2}.Debug|Any CPU.Build.0 = Debug|Any CPU
		{19139119-4F16-4065-8BCC-F6B712D75DF2}.Debug|ARM.ActiveCfg = Debug|Any CPU
		{19139119-4F16-4065-8BCC-F6B712D75DF2}.Debug|ARM.Build.0 = Debug|Any CPU
		{19139119-4F16-4065-8BCC-F6B712D75DF2}.Debug|x64.ActiveCfg = Debug|Any CPU
		{19139119-4F16-4065-8BCC-F6B712D75DF2}.Debug|x64.Build.0 = Debug|Any CPU
		{19139119-4F16-4065-8BCC-F6B712D75DF2}.Debug|x86.ActiveCfg = Debug|Any CPU
		{19139119-4F16-4065-8BCC-F6B712D75DF2}.Debug|x86.Build.0 = Debug|Any CPU
		{19139119-4F16-4065-8BCC-F6B712D75DF2}.LocalHost|Any CPU.ActiveCfg = Release|Any CPU
		{19139119-4F16-4065-8BCC-F6B712D75DF2}.LocalHost|Any CPU.Build.0 = Release|Any CPU
		{19139119-4F16-4065-8BCC-F6B712D75DF2}.LocalHost|ARM.ActiveCfg = Release|Any CPU
		{19139119-4F16-4065-8BCC-F6B712D75DF2}.LocalHost|ARM.Build.0 = Release|Any CPU
		{19139119-4F16-4065-8BCC-F6B712D75DF2}.LocalHost|x64.ActiveCfg = Release|Any CPU
		{19139119-4F16-4065-8BCC-F6B712D75DF2}.LocalHost|x64.Build.0 = Release|Any CPU
		{19139119-4F16-4065-8BCC-F6B712D75DF2}.LocalHost|x86.ActiveCfg = Release|Any CPU
		{19139119-4F16-4065-8BCC-F6B712D75DF2}.LocalHost|x86.Build.0 = Release|Any CPU
		{19139119-4F16-4065-8BCC-F6B712D75DF2}.ProductionServer|Any CPU.ActiveCfg = Release|Any CPU
		{19139119-4F16-4065-8BCC-F6B712D75DF2}.ProductionServer|Any CPU.Build.0 = Release|Any CPU
		{19139119-4F16-4065-8BCC-F6B712D75DF2}.ProductionServer|ARM.ActiveCfg = Release|Any CPU
		{19139119-4F16-4065-8BCC-F6B712D75DF2}.ProductionServer|ARM.Build.0 = Release|Any CPU
		{19139119-4F16-4065-8BCC-F6B712D75DF2}.ProductionServer|x64.ActiveCfg = Release|Any CPU
		{19139119-4F16-4065-8BCC-F6B712D75DF2}.ProductionServer|x64.Build.0 = Release|Any CPU
		{19139119-4F16-4065-8BCC-F6B712D75DF2}.ProductionServer|x86.ActiveCfg = Release|Any CPU
		{19139119-4F16-4065-8BCC-F6B712D75DF2}.ProductionServer|x86.Build.0 = Release|Any CPU
		{19139119-4F16-4065-8BCC-F6B712D75DF2}.ProductionServerTEST|Any CPU.ActiveCfg = Release|Any CPU
		{19139119-4F16-4065-8BCC-F6B712D75DF2}.ProductionServerTEST|Any CPU.Build.0 = Release|Any CPU
		{19139119-4F16-4065-8BCC-F6B712D75DF2}.ProductionServerTEST|ARM.ActiveCfg = Release|Any CPU
		{19139119-4F16-4065-8BCC-F6B712D75DF2}.ProductionServerTEST|ARM.Build.0 = Release|Any CPU
		{19139119-4F16-4065-8BCC-F6B712D75DF2}.ProductionServerTEST|x64.ActiveCfg = Release|Any CPU
		{19139119-4F16-4065-8BCC-F6B712D75DF2}.ProductionServerTEST|x64.Build.0 = Release|Any CPU
		{19139119-4F16-4065-8BCC-F6B712D75DF2}.ProductionServerTEST|x86.ActiveCfg = Release|Any CPU
		{19139119-4F16-4065-8BCC-F6B712D75DF2}.ProductionServerTEST|x86.Build.0 = Release|Any CPU
		{19139119-4F16-4065-8BCC-F6B712D75DF2}.Release|Any CPU.ActiveCfg = Release|Any CPU
		{19139119-4F16-4065-8BCC-F6B712D75DF2}.Release|Any CPU.Build.0 = Release|Any CPU
		{19139119-4F16-4065-8BCC-F6B712D75DF2}.Release|ARM.ActiveCfg = Release|Any CPU
		{19139119-4F16-4065-8BCC-F6B712D75DF2}.Release|ARM.Build.0 = Release|Any CPU
		{19139119-4F16-4065-8BCC-F6B712D75DF2}.Release|x64.ActiveCfg = Release|Any CPU
		{19139119-4F16-4065-8BCC-F6B712D75DF2}.Release|x64.Build.0 = Release|Any CPU
		{19139119-4F16-4065-8BCC-F6B712D75DF2}.Release|x86.ActiveCfg = Release|Any CPU
		{19139119-4F16-4065-8BCC-F6B712D75DF2}.Release|x86.Build.0 = Release|Any CPU
		{19139119-4F16-4065-8BCC-F6B712D75DF2}.TestServer|Any CPU.ActiveCfg = Release|Any CPU
		{19139119-4F16-4065-8BCC-F6B712D75DF2}.TestServer|Any CPU.Build.0 = Release|Any CPU
		{19139119-4F16-4065-8BCC-F6B712D75DF2}.TestServer|ARM.ActiveCfg = Release|Any CPU
		{19139119-4F16-4065-8BCC-F6B712D75DF2}.TestServer|ARM.Build.0 = Release|Any CPU
		{19139119-4F16-4065-8BCC-F6B712D75DF2}.TestServer|x64.ActiveCfg = Release|Any CPU
		{19139119-4F16-4065-8BCC-F6B712D75DF2}.TestServer|x64.Build.0 = Release|Any CPU
		{19139119-4F16-4065-8BCC-F6B712D75DF2}.TestServer|x86.ActiveCfg = Release|Any CPU
		{19139119-4F16-4065-8BCC-F6B712D75DF2}.TestServer|x86.Build.0 = Release|Any CPU
		{464BE27D-1A0D-4908-A318-5DA8C168D7B1}.Debug|Any CPU.ActiveCfg = Debug|Any CPU
		{464BE27D-1A0D-4908-A318-5DA8C168D7B1}.Debug|Any CPU.Build.0 = Debug|Any CPU
		{464BE27D-1A0D-4908-A318-5DA8C168D7B1}.Debug|ARM.ActiveCfg = Debug|Any CPU
		{464BE27D-1A0D-4908-A318-5DA8C168D7B1}.Debug|ARM.Build.0 = Debug|Any CPU
		{464BE27D-1A0D-4908-A318-5DA8C168D7B1}.Debug|x64.ActiveCfg = Debug|Any CPU
		{464BE27D-1A0D-4908-A318-5DA8C168D7B1}.Debug|x64.Build.0 = Debug|Any CPU
		{464BE27D-1A0D-4908-A318-5DA8C168D7B1}.Debug|x86.ActiveCfg = Debug|Any CPU
		{464BE27D-1A0D-4908-A318-5DA8C168D7B1}.Debug|x86.Build.0 = Debug|Any CPU
		{464BE27D-1A0D-4908-A318-5DA8C168D7B1}.LocalHost|Any CPU.ActiveCfg = Release|Any CPU
		{464BE27D-1A0D-4908-A318-5DA8C168D7B1}.LocalHost|Any CPU.Build.0 = Release|Any CPU
		{464BE27D-1A0D-4908-A318-5DA8C168D7B1}.LocalHost|ARM.ActiveCfg = Release|Any CPU
		{464BE27D-1A0D-4908-A318-5DA8C168D7B1}.LocalHost|ARM.Build.0 = Release|Any CPU
		{464BE27D-1A0D-4908-A318-5DA8C168D7B1}.LocalHost|x64.ActiveCfg = Release|Any CPU
		{464BE27D-1A0D-4908-A318-5DA8C168D7B1}.LocalHost|x64.Build.0 = Release|Any CPU
		{464BE27D-1A0D-4908-A318-5DA8C168D7B1}.LocalHost|x86.ActiveCfg = Release|Any CPU
		{464BE27D-1A0D-4908-A318-5DA8C168D7B1}.LocalHost|x86.Build.0 = Release|Any CPU
		{464BE27D-1A0D-4908-A318-5DA8C168D7B1}.ProductionServer|Any CPU.ActiveCfg = Release|Any CPU
		{464BE27D-1A0D-4908-A318-5DA8C168D7B1}.ProductionServer|Any CPU.Build.0 = Release|Any CPU
		{464BE27D-1A0D-4908-A318-5DA8C168D7B1}.ProductionServer|ARM.ActiveCfg = Release|Any CPU
		{464BE27D-1A0D-4908-A318-5DA8C168D7B1}.ProductionServer|ARM.Build.0 = Release|Any CPU
		{464BE27D-1A0D-4908-A318-5DA8C168D7B1}.ProductionServer|x64.ActiveCfg = Release|Any CPU
		{464BE27D-1A0D-4908-A318-5DA8C168D7B1}.ProductionServer|x64.Build.0 = Release|Any CPU
		{464BE27D-1A0D-4908-A318-5DA8C168D7B1}.ProductionServer|x86.ActiveCfg = Release|Any CPU
		{464BE27D-1A0D-4908-A318-5DA8C168D7B1}.ProductionServer|x86.Build.0 = Release|Any CPU
		{464BE27D-1A0D-4908-A318-5DA8C168D7B1}.ProductionServerTEST|Any CPU.ActiveCfg = Release|Any CPU
		{464BE27D-1A0D-4908-A318-5DA8C168D7B1}.ProductionServerTEST|Any CPU.Build.0 = Release|Any CPU
		{464BE27D-1A0D-4908-A318-5DA8C168D7B1}.ProductionServerTEST|ARM.ActiveCfg = Release|Any CPU
		{464BE27D-1A0D-4908-A318-5DA8C168D7B1}.ProductionServerTEST|ARM.Build.0 = Release|Any CPU
		{464BE27D-1A0D-4908-A318-5DA8C168D7B1}.ProductionServerTEST|x64.ActiveCfg = Release|Any CPU
		{464BE27D-1A0D-4908-A318-5DA8C168D7B1}.ProductionServerTEST|x64.Build.0 = Release|Any CPU
		{464BE27D-1A0D-4908-A318-5DA8C168D7B1}.ProductionServerTEST|x86.ActiveCfg = Release|Any CPU
		{464BE27D-1A0D-4908-A318-5DA8C168D7B1}.ProductionServerTEST|x86.Build.0 = Release|Any CPU
		{464BE27D-1A0D-4908-A318-5DA8C168D7B1}.Release|Any CPU.ActiveCfg = Release|Any CPU
		{464BE27D-1A0D-4908-A318-5DA8C168D7B1}.Release|Any CPU.Build.0 = Release|Any CPU
		{464BE27D-1A0D-4908-A318-5DA8C168D7B1}.Release|ARM.ActiveCfg = Release|Any CPU
		{464BE27D-1A0D-4908-A318-5DA8C168D7B1}.Release|ARM.Build.0 = Release|Any CPU
		{464BE27D-1A0D-4908-A318-5DA8C168D7B1}.Release|x64.ActiveCfg = Release|Any CPU
		{464BE27D-1A0D-4908-A318-5DA8C168D7B1}.Release|x64.Build.0 = Release|Any CPU
		{464BE27D-1A0D-4908-A318-5DA8C168D7B1}.Release|x86.ActiveCfg = Release|Any CPU
		{464BE27D-1A0D-4908-A318-5DA8C168D7B1}.Release|x86.Build.0 = Release|Any CPU
		{464BE27D-1A0D-4908-A318-5DA8C168D7B1}.TestServer|Any CPU.ActiveCfg = Release|Any CPU
		{464BE27D-1A0D-4908-A318-5DA8C168D7B1}.TestServer|Any CPU.Build.0 = Release|Any CPU
		{464BE27D-1A0D-4908-A318-5DA8C168D7B1}.TestServer|ARM.ActiveCfg = Release|Any CPU
		{464BE27D-1A0D-4908-A318-5DA8C168D7B1}.TestServer|ARM.Build.0 = Release|Any CPU
		{464BE27D-1A0D-4908-A318-5DA8C168D7B1}.TestServer|x64.ActiveCfg = Release|Any CPU
		{464BE27D-1A0D-4908-A318-5DA8C168D7B1}.TestServer|x64.Build.0 = Release|Any CPU
		{464BE27D-1A0D-4908-A318-5DA8C168D7B1}.TestServer|x86.ActiveCfg = Release|Any CPU
		{464BE27D-1A0D-4908-A318-5DA8C168D7B1}.TestServer|x86.Build.0 = Release|Any CPU
		{790FA8DC-F11C-41DE-B52B-23C61A41C2F6}.Debug|Any CPU.ActiveCfg = Debug|Any CPU
		{790FA8DC-F11C-41DE-B52B-23C61A41C2F6}.Debug|Any CPU.Build.0 = Debug|Any CPU
		{790FA8DC-F11C-41DE-B52B-23C61A41C2F6}.Debug|ARM.ActiveCfg = Debug|Any CPU
		{790FA8DC-F11C-41DE-B52B-23C61A41C2F6}.Debug|ARM.Build.0 = Debug|Any CPU
		{790FA8DC-F11C-41DE-B52B-23C61A41C2F6}.Debug|x64.ActiveCfg = Debug|Any CPU
		{790FA8DC-F11C-41DE-B52B-23C61A41C2F6}.Debug|x64.Build.0 = Debug|Any CPU
		{790FA8DC-F11C-41DE-B52B-23C61A41C2F6}.Debug|x86.ActiveCfg = Debug|Any CPU
		{790FA8DC-F11C-41DE-B52B-23C61A41C2F6}.Debug|x86.Build.0 = Debug|Any CPU
		{790FA8DC-F11C-41DE-B52B-23C61A41C2F6}.LocalHost|Any CPU.ActiveCfg = Release|Any CPU
		{790FA8DC-F11C-41DE-B52B-23C61A41C2F6}.LocalHost|Any CPU.Build.0 = Release|Any CPU
		{790FA8DC-F11C-41DE-B52B-23C61A41C2F6}.LocalHost|ARM.ActiveCfg = Release|Any CPU
		{790FA8DC-F11C-41DE-B52B-23C61A41C2F6}.LocalHost|ARM.Build.0 = Release|Any CPU
		{790FA8DC-F11C-41DE-B52B-23C61A41C2F6}.LocalHost|x64.ActiveCfg = Release|Any CPU
		{790FA8DC-F11C-41DE-B52B-23C61A41C2F6}.LocalHost|x64.Build.0 = Release|Any CPU
		{790FA8DC-F11C-41DE-B52B-23C61A41C2F6}.LocalHost|x86.ActiveCfg = Release|Any CPU
		{790FA8DC-F11C-41DE-B52B-23C61A41C2F6}.LocalHost|x86.Build.0 = Release|Any CPU
		{790FA8DC-F11C-41DE-B52B-23C61A41C2F6}.ProductionServer|Any CPU.ActiveCfg = Release|Any CPU
		{790FA8DC-F11C-41DE-B52B-23C61A41C2F6}.ProductionServer|Any CPU.Build.0 = Release|Any CPU
		{790FA8DC-F11C-41DE-B52B-23C61A41C2F6}.ProductionServer|ARM.ActiveCfg = Release|Any CPU
		{790FA8DC-F11C-41DE-B52B-23C61A41C2F6}.ProductionServer|ARM.Build.0 = Release|Any CPU
		{790FA8DC-F11C-41DE-B52B-23C61A41C2F6}.ProductionServer|x64.ActiveCfg = Release|Any CPU
		{790FA8DC-F11C-41DE-B52B-23C61A41C2F6}.ProductionServer|x64.Build.0 = Release|Any CPU
		{790FA8DC-F11C-41DE-B52B-23C61A41C2F6}.ProductionServer|x86.ActiveCfg = Release|Any CPU
		{790FA8DC-F11C-41DE-B52B-23C61A41C2F6}.ProductionServer|x86.Build.0 = Release|Any CPU
		{790FA8DC-F11C-41DE-B52B-23C61A41C2F6}.ProductionServerTEST|Any CPU.ActiveCfg = Release|Any CPU
		{790FA8DC-F11C-41DE-B52B-23C61A41C2F6}.ProductionServerTEST|Any CPU.Build.0 = Release|Any CPU
		{790FA8DC-F11C-41DE-B52B-23C61A41C2F6}.ProductionServerTEST|ARM.ActiveCfg = Release|Any CPU
		{790FA8DC-F11C-41DE-B52B-23C61A41C2F6}.ProductionServerTEST|ARM.Build.0 = Release|Any CPU
		{790FA8DC-F11C-41DE-B52B-23C61A41C2F6}.ProductionServerTEST|x64.ActiveCfg = Release|Any CPU
		{790FA8DC-F11C-41DE-B52B-23C61A41C2F6}.ProductionServerTEST|x64.Build.0 = Release|Any CPU
		{790FA8DC-F11C-41DE-B52B-23C61A41C2F6}.ProductionServerTEST|x86.ActiveCfg = Release|Any CPU
		{790FA8DC-F11C-41DE-B52B-23C61A41C2F6}.ProductionServerTEST|x86.Build.0 = Release|Any CPU
		{790FA8DC-F11C-41DE-B52B-23C61A41C2F6}.Release|Any CPU.ActiveCfg = Release|Any CPU
		{790FA8DC-F11C-41DE-B52B-23C61A41C2F6}.Release|Any CPU.Build.0 = Release|Any CPU
		{790FA8DC-F11C-41DE-B52B-23C61A41C2F6}.Release|ARM.ActiveCfg = Release|Any CPU
		{790FA8DC-F11C-41DE-B52B-23C61A41C2F6}.Release|ARM.Build.0 = Release|Any CPU
		{790FA8DC-F11C-41DE-B52B-23C61A41C2F6}.Release|x64.ActiveCfg = Release|Any CPU
		{790FA8DC-F11C-41DE-B52B-23C61A41C2F6}.Release|x64.Build.0 = Release|Any CPU
		{790FA8DC-F11C-41DE-B52B-23C61A41C2F6}.Release|x86.ActiveCfg = Release|Any CPU
		{790FA8DC-F11C-41DE-B52B-23C61A41C2F6}.Release|x86.Build.0 = Release|Any CPU
		{790FA8DC-F11C-41DE-B52B-23C61A41C2F6}.TestServer|Any CPU.ActiveCfg = Release|Any CPU
		{790FA8DC-F11C-41DE-B52B-23C61A41C2F6}.TestServer|Any CPU.Build.0 = Release|Any CPU
		{790FA8DC-F11C-41DE-B52B-23C61A41C2F6}.TestServer|ARM.ActiveCfg = Release|Any CPU
		{790FA8DC-F11C-41DE-B52B-23C61A41C2F6}.TestServer|ARM.Build.0 = Release|Any CPU
		{790FA8DC-F11C-41DE-B52B-23C61A41C2F6}.TestServer|x64.ActiveCfg = Release|Any CPU
		{790FA8DC-F11C-41DE-B52B-23C61A41C2F6}.TestServer|x64.Build.0 = Release|Any CPU
		{790FA8DC-F11C-41DE-B52B-23C61A41C2F6}.TestServer|x86.ActiveCfg = Release|Any CPU
		{790FA8DC-F11C-41DE-B52B-23C61A41C2F6}.TestServer|x86.Build.0 = Release|Any CPU
		{BC223ACB-7E15-4AC9-B743-1E3745B158AA}.Debug|Any CPU.ActiveCfg = Debug|Any CPU
		{BC223ACB-7E15-4AC9-B743-1E3745B158AA}.Debug|Any CPU.Build.0 = Debug|Any CPU
		{BC223ACB-7E15-4AC9-B743-1E3745B158AA}.Debug|ARM.ActiveCfg = Debug|Any CPU
		{BC223ACB-7E15-4AC9-B743-1E3745B158AA}.Debug|ARM.Build.0 = Debug|Any CPU
		{BC223ACB-7E15-4AC9-B743-1E3745B158AA}.Debug|x64.ActiveCfg = Debug|Any CPU
		{BC223ACB-7E15-4AC9-B743-1E3745B158AA}.Debug|x64.Build.0 = Debug|Any CPU
		{BC223ACB-7E15-4AC9-B743-1E3745B158AA}.Debug|x86.ActiveCfg = Debug|Any CPU
		{BC223ACB-7E15-4AC9-B743-1E3745B158AA}.Debug|x86.Build.0 = Debug|Any CPU
		{BC223ACB-7E15-4AC9-B743-1E3745B158AA}.LocalHost|Any CPU.ActiveCfg = Release|Any CPU
		{BC223ACB-7E15-4AC9-B743-1E3745B158AA}.LocalHost|Any CPU.Build.0 = Release|Any CPU
		{BC223ACB-7E15-4AC9-B743-1E3745B158AA}.LocalHost|ARM.ActiveCfg = Release|Any CPU
		{BC223ACB-7E15-4AC9-B743-1E3745B158AA}.LocalHost|ARM.Build.0 = Release|Any CPU
		{BC223ACB-7E15-4AC9-B743-1E3745B158AA}.LocalHost|x64.ActiveCfg = Release|Any CPU
		{BC223ACB-7E15-4AC9-B743-1E3745B158AA}.LocalHost|x64.Build.0 = Release|Any CPU
		{BC223ACB-7E15-4AC9-B743-1E3745B158AA}.LocalHost|x86.ActiveCfg = Release|Any CPU
		{BC223ACB-7E15-4AC9-B743-1E3745B158AA}.LocalHost|x86.Build.0 = Release|Any CPU
		{BC223ACB-7E15-4AC9-B743-1E3745B158AA}.ProductionServer|Any CPU.ActiveCfg = Release|Any CPU
		{BC223ACB-7E15-4AC9-B743-1E3745B158AA}.ProductionServer|Any CPU.Build.0 = Release|Any CPU
		{BC223ACB-7E15-4AC9-B743-1E3745B158AA}.ProductionServer|ARM.ActiveCfg = Release|Any CPU
		{BC223ACB-7E15-4AC9-B743-1E3745B158AA}.ProductionServer|ARM.Build.0 = Release|Any CPU
		{BC223ACB-7E15-4AC9-B743-1E3745B158AA}.ProductionServer|x64.ActiveCfg = Release|Any CPU
		{BC223ACB-7E15-4AC9-B743-1E3745B158AA}.ProductionServer|x64.Build.0 = Release|Any CPU
		{BC223ACB-7E15-4AC9-B743-1E3745B158AA}.ProductionServer|x86.ActiveCfg = Release|Any CPU
		{BC223ACB-7E15-4AC9-B743-1E3745B158AA}.ProductionServer|x86.Build.0 = Release|Any CPU
		{BC223ACB-7E15-4AC9-B743-1E3745B158AA}.ProductionServerTEST|Any CPU.ActiveCfg = Release|Any CPU
		{BC223ACB-7E15-4AC9-B743-1E3745B158AA}.ProductionServerTEST|Any CPU.Build.0 = Release|Any CPU
		{BC223ACB-7E15-4AC9-B743-1E3745B158AA}.ProductionServerTEST|ARM.ActiveCfg = Release|Any CPU
		{BC223ACB-7E15-4AC9-B743-1E3745B158AA}.ProductionServerTEST|ARM.Build.0 = Release|Any CPU
		{BC223ACB-7E15-4AC9-B743-1E3745B158AA}.ProductionServerTEST|x64.ActiveCfg = Release|Any CPU
		{BC223ACB-7E15-4AC9-B743-1E3745B158AA}.ProductionServerTEST|x64.Build.0 = Release|Any CPU
		{BC223ACB-7E15-4AC9-B743-1E3745B158AA}.ProductionServerTEST|x86.ActiveCfg = Release|Any CPU
		{BC223ACB-7E15-4AC9-B743-1E3745B158AA}.ProductionServerTEST|x86.Build.0 = Release|Any CPU
		{BC223ACB-7E15-4AC9-B743-1E3745B158AA}.Release|Any CPU.ActiveCfg = Release|Any CPU
		{BC223ACB-7E15-4AC9-B743-1E3745B158AA}.Release|Any CPU.Build.0 = Release|Any CPU
		{BC223ACB-7E15-4AC9-B743-1E3745B158AA}.Release|ARM.ActiveCfg = Release|Any CPU
		{BC223ACB-7E15-4AC9-B743-1E3745B158AA}.Release|ARM.Build.0 = Release|Any CPU
		{BC223ACB-7E15-4AC9-B743-1E3745B158AA}.Release|x64.ActiveCfg = Release|Any CPU
		{BC223ACB-7E15-4AC9-B743-1E3745B158AA}.Release|x64.Build.0 = Release|Any CPU
		{BC223ACB-7E15-4AC9-B743-1E3745B158AA}.Release|x86.ActiveCfg = Release|Any CPU
		{BC223ACB-7E15-4AC9-B743-1E3745B158AA}.Release|x86.Build.0 = Release|Any CPU
		{BC223ACB-7E15-4AC9-B743-1E3745B158AA}.TestServer|Any CPU.ActiveCfg = Release|Any CPU
		{BC223ACB-7E15-4AC9-B743-1E3745B158AA}.TestServer|Any CPU.Build.0 = Release|Any CPU
		{BC223ACB-7E15-4AC9-B743-1E3745B158AA}.TestServer|ARM.ActiveCfg = Release|Any CPU
		{BC223ACB-7E15-4AC9-B743-1E3745B158AA}.TestServer|ARM.Build.0 = Release|Any CPU
		{BC223ACB-7E15-4AC9-B743-1E3745B158AA}.TestServer|x64.ActiveCfg = Release|Any CPU
		{BC223ACB-7E15-4AC9-B743-1E3745B158AA}.TestServer|x64.Build.0 = Release|Any CPU
		{BC223ACB-7E15-4AC9-B743-1E3745B158AA}.TestServer|x86.ActiveCfg = Release|Any CPU
		{BC223ACB-7E15-4AC9-B743-1E3745B158AA}.TestServer|x86.Build.0 = Release|Any CPU
		{D7945DF2-0C15-4637-B905-E914B3448FBD}.Debug|Any CPU.ActiveCfg = Debug|Any CPU
		{D7945DF2-0C15-4637-B905-E914B3448FBD}.Debug|Any CPU.Build.0 = Debug|Any CPU
		{D7945DF2-0C15-4637-B905-E914B3448FBD}.Debug|ARM.ActiveCfg = Debug|Any CPU
		{D7945DF2-0C15-4637-B905-E914B3448FBD}.Debug|ARM.Build.0 = Debug|Any CPU
		{D7945DF2-0C15-4637-B905-E914B3448FBD}.Debug|x64.ActiveCfg = Debug|Any CPU
		{D7945DF2-0C15-4637-B905-E914B3448FBD}.Debug|x64.Build.0 = Debug|Any CPU
		{D7945DF2-0C15-4637-B905-E914B3448FBD}.Debug|x86.ActiveCfg = Debug|Any CPU
		{D7945DF2-0C15-4637-B905-E914B3448FBD}.Debug|x86.Build.0 = Debug|Any CPU
		{D7945DF2-0C15-4637-B905-E914B3448FBD}.LocalHost|Any CPU.ActiveCfg = Release|Any CPU
		{D7945DF2-0C15-4637-B905-E914B3448FBD}.LocalHost|Any CPU.Build.0 = Release|Any CPU
		{D7945DF2-0C15-4637-B905-E914B3448FBD}.LocalHost|ARM.ActiveCfg = Release|Any CPU
		{D7945DF2-0C15-4637-B905-E914B3448FBD}.LocalHost|ARM.Build.0 = Release|Any CPU
		{D7945DF2-0C15-4637-B905-E914B3448FBD}.LocalHost|x64.ActiveCfg = Release|Any CPU
		{D7945DF2-0C15-4637-B905-E914B3448FBD}.LocalHost|x64.Build.0 = Release|Any CPU
		{D7945DF2-0C15-4637-B905-E914B3448FBD}.LocalHost|x86.ActiveCfg = Release|Any CPU
		{D7945DF2-0C15-4637-B905-E914B3448FBD}.LocalHost|x86.Build.0 = Release|Any CPU
		{D7945DF2-0C15-4637-B905-E914B3448FBD}.ProductionServer|Any CPU.ActiveCfg = Release|Any CPU
		{D7945DF2-0C15-4637-B905-E914B3448FBD}.ProductionServer|Any CPU.Build.0 = Release|Any CPU
		{D7945DF2-0C15-4637-B905-E914B3448FBD}.ProductionServer|ARM.ActiveCfg = Release|Any CPU
		{D7945DF2-0C15-4637-B905-E914B3448FBD}.ProductionServer|ARM.Build.0 = Release|Any CPU
		{D7945DF2-0C15-4637-B905-E914B3448FBD}.ProductionServer|x64.ActiveCfg = Release|Any CPU
		{D7945DF2-0C15-4637-B905-E914B3448FBD}.ProductionServer|x64.Build.0 = Release|Any CPU
		{D7945DF2-0C15-4637-B905-E914B3448FBD}.ProductionServer|x86.ActiveCfg = Release|Any CPU
		{D7945DF2-0C15-4637-B905-E914B3448FBD}.ProductionServer|x86.Build.0 = Release|Any CPU
		{D7945DF2-0C15-4637-B905-E914B3448FBD}.ProductionServerTEST|Any CPU.ActiveCfg = Release|Any CPU
		{D7945DF2-0C15-4637-B905-E914B3448FBD}.ProductionServerTEST|Any CPU.Build.0 = Release|Any CPU
		{D7945DF2-0C15-4637-B905-E914B3448FBD}.ProductionServerTEST|ARM.ActiveCfg = Release|Any CPU
		{D7945DF2-0C15-4637-B905-E914B3448FBD}.ProductionServerTEST|ARM.Build.0 = Release|Any CPU
		{D7945DF2-0C15-4637-B905-E914B3448FBD}.ProductionServerTEST|x64.ActiveCfg = Release|Any CPU
		{D7945DF2-0C15-4637-B905-E914B3448FBD}.ProductionServerTEST|x64.Build.0 = Release|Any CPU
		{D7945DF2-0C15-4637-B905-E914B3448FBD}.ProductionServerTEST|x86.ActiveCfg = Release|Any CPU
		{D7945DF2-0C15-4637-B905-E914B3448FBD}.ProductionServerTEST|x86.Build.0 = Release|Any CPU
		{D7945DF2-0C15-4637-B905-E914B3448FBD}.Release|Any CPU.ActiveCfg = Release|Any CPU
		{D7945DF2-0C15-4637-B905-E914B3448FBD}.Release|Any CPU.Build.0 = Release|Any CPU
		{D7945DF2-0C15-4637-B905-E914B3448FBD}.Release|ARM.ActiveCfg = Release|Any CPU
		{D7945DF2-0C15-4637-B905-E914B3448FBD}.Release|ARM.Build.0 = Release|Any CPU
		{D7945DF2-0C15-4637-B905-E914B3448FBD}.Release|x64.ActiveCfg = Release|Any CPU
		{D7945DF2-0C15-4637-B905-E914B3448FBD}.Release|x64.Build.0 = Release|Any CPU
		{D7945DF2-0C15-4637-B905-E914B3448FBD}.Release|x86.ActiveCfg = Release|Any CPU
		{D7945DF2-0C15-4637-B905-E914B3448FBD}.Release|x86.Build.0 = Release|Any CPU
		{D7945DF2-0C15-4637-B905-E914B3448FBD}.TestServer|Any CPU.ActiveCfg = Release|Any CPU
		{D7945DF2-0C15-4637-B905-E914B3448FBD}.TestServer|Any CPU.Build.0 = Release|Any CPU
		{D7945DF2-0C15-4637-B905-E914B3448FBD}.TestServer|ARM.ActiveCfg = Release|Any CPU
		{D7945DF2-0C15-4637-B905-E914B3448FBD}.TestServer|ARM.Build.0 = Release|Any CPU
		{D7945DF2-0C15-4637-B905-E914B3448FBD}.TestServer|x64.ActiveCfg = Release|Any CPU
		{D7945DF2-0C15-4637-B905-E914B3448FBD}.TestServer|x64.Build.0 = Release|Any CPU
		{D7945DF2-0C15-4637-B905-E914B3448FBD}.TestServer|x86.ActiveCfg = Release|Any CPU
		{D7945DF2-0C15-4637-B905-E914B3448FBD}.TestServer|x86.Build.0 = Release|Any CPU
		{33008459-999B-4E81-8773-395C0523297D}.Debug|Any CPU.ActiveCfg = Debug|Any CPU
		{33008459-999B-4E81-8773-395C0523297D}.Debug|Any CPU.Build.0 = Debug|Any CPU
		{33008459-999B-4E81-8773-395C0523297D}.Debug|ARM.ActiveCfg = Debug|Any CPU
		{33008459-999B-4E81-8773-395C0523297D}.Debug|ARM.Build.0 = Debug|Any CPU
		{33008459-999B-4E81-8773-395C0523297D}.Debug|x64.ActiveCfg = Debug|Any CPU
		{33008459-999B-4E81-8773-395C0523297D}.Debug|x64.Build.0 = Debug|Any CPU
		{33008459-999B-4E81-8773-395C0523297D}.Debug|x86.ActiveCfg = Debug|Any CPU
		{33008459-999B-4E81-8773-395C0523297D}.Debug|x86.Build.0 = Debug|Any CPU
		{33008459-999B-4E81-8773-395C0523297D}.LocalHost|Any CPU.ActiveCfg = Release|Any CPU
		{33008459-999B-4E81-8773-395C0523297D}.LocalHost|Any CPU.Build.0 = Release|Any CPU
		{33008459-999B-4E81-8773-395C0523297D}.LocalHost|ARM.ActiveCfg = Release|Any CPU
		{33008459-999B-4E81-8773-395C0523297D}.LocalHost|ARM.Build.0 = Release|Any CPU
		{33008459-999B-4E81-8773-395C0523297D}.LocalHost|x64.ActiveCfg = Release|Any CPU
		{33008459-999B-4E81-8773-395C0523297D}.LocalHost|x64.Build.0 = Release|Any CPU
		{33008459-999B-4E81-8773-395C0523297D}.LocalHost|x86.ActiveCfg = Release|Any CPU
		{33008459-999B-4E81-8773-395C0523297D}.LocalHost|x86.Build.0 = Release|Any CPU
		{33008459-999B-4E81-8773-395C0523297D}.ProductionServer|Any CPU.ActiveCfg = Release|Any CPU
		{33008459-999B-4E81-8773-395C0523297D}.ProductionServer|Any CPU.Build.0 = Release|Any CPU
		{33008459-999B-4E81-8773-395C0523297D}.ProductionServer|ARM.ActiveCfg = Release|Any CPU
		{33008459-999B-4E81-8773-395C0523297D}.ProductionServer|ARM.Build.0 = Release|Any CPU
		{33008459-999B-4E81-8773-395C0523297D}.ProductionServer|x64.ActiveCfg = Release|Any CPU
		{33008459-999B-4E81-8773-395C0523297D}.ProductionServer|x64.Build.0 = Release|Any CPU
		{33008459-999B-4E81-8773-395C0523297D}.ProductionServer|x86.ActiveCfg = Release|Any CPU
		{33008459-999B-4E81-8773-395C0523297D}.ProductionServer|x86.Build.0 = Release|Any CPU
		{33008459-999B-4E81-8773-395C0523297D}.ProductionServerTEST|Any CPU.ActiveCfg = Release|Any CPU
		{33008459-999B-4E81-8773-395C0523297D}.ProductionServerTEST|Any CPU.Build.0 = Release|Any CPU
		{33008459-999B-4E81-8773-395C0523297D}.ProductionServerTEST|ARM.ActiveCfg = Release|Any CPU
		{33008459-999B-4E81-8773-395C0523297D}.ProductionServerTEST|ARM.Build.0 = Release|Any CPU
		{33008459-999B-4E81-8773-395C0523297D}.ProductionServerTEST|x64.ActiveCfg = Release|Any CPU
		{33008459-999B-4E81-8773-395C0523297D}.ProductionServerTEST|x64.Build.0 = Release|Any CPU
		{33008459-999B-4E81-8773-395C0523297D}.ProductionServerTEST|x86.ActiveCfg = Release|Any CPU
		{33008459-999B-4E81-8773-395C0523297D}.ProductionServerTEST|x86.Build.0 = Release|Any CPU
		{33008459-999B-4E81-8773-395C0523297D}.Release|Any CPU.ActiveCfg = Release|Any CPU
		{33008459-999B-4E81-8773-395C0523297D}.Release|Any CPU.Build.0 = Release|Any CPU
		{33008459-999B-4E81-8773-395C0523297D}.Release|ARM.ActiveCfg = Release|Any CPU
		{33008459-999B-4E81-8773-395C0523297D}.Release|ARM.Build.0 = Release|Any CPU
		{33008459-999B-4E81-8773-395C0523297D}.Release|x64.ActiveCfg = Release|Any CPU
		{33008459-999B-4E81-8773-395C0523297D}.Release|x64.Build.0 = Release|Any CPU
		{33008459-999B-4E81-8773-395C0523297D}.Release|x86.ActiveCfg = Release|Any CPU
		{33008459-999B-4E81-8773-395C0523297D}.Release|x86.Build.0 = Release|Any CPU
		{33008459-999B-4E81-8773-395C0523297D}.TestServer|Any CPU.ActiveCfg = Release|Any CPU
		{33008459-999B-4E81-8773-395C0523297D}.TestServer|Any CPU.Build.0 = Release|Any CPU
		{33008459-999B-4E81-8773-395C0523297D}.TestServer|ARM.ActiveCfg = Release|Any CPU
		{33008459-999B-4E81-8773-395C0523297D}.TestServer|ARM.Build.0 = Release|Any CPU
		{33008459-999B-4E81-8773-395C0523297D}.TestServer|x64.ActiveCfg = Release|Any CPU
		{33008459-999B-4E81-8773-395C0523297D}.TestServer|x64.Build.0 = Release|Any CPU
		{33008459-999B-4E81-8773-395C0523297D}.TestServer|x86.ActiveCfg = Release|Any CPU
		{33008459-999B-4E81-8773-395C0523297D}.TestServer|x86.Build.0 = Release|Any CPU
		{4FA4EC39-5836-4B0A-B64C-435CF3B6490C}.Debug|Any CPU.ActiveCfg = Debug|Any CPU
		{4FA4EC39-5836-4B0A-B64C-435CF3B6490C}.Debug|Any CPU.Build.0 = Debug|Any CPU
		{4FA4EC39-5836-4B0A-B64C-435CF3B6490C}.Debug|ARM.ActiveCfg = Debug|Any CPU
		{4FA4EC39-5836-4B0A-B64C-435CF3B6490C}.Debug|ARM.Build.0 = Debug|Any CPU
		{4FA4EC39-5836-4B0A-B64C-435CF3B6490C}.Debug|x64.ActiveCfg = Debug|Any CPU
		{4FA4EC39-5836-4B0A-B64C-435CF3B6490C}.Debug|x64.Build.0 = Debug|Any CPU
		{4FA4EC39-5836-4B0A-B64C-435CF3B6490C}.Debug|x86.ActiveCfg = Debug|Any CPU
		{4FA4EC39-5836-4B0A-B64C-435CF3B6490C}.Debug|x86.Build.0 = Debug|Any CPU
		{4FA4EC39-5836-4B0A-B64C-435CF3B6490C}.LocalHost|Any CPU.ActiveCfg = Release|Any CPU
		{4FA4EC39-5836-4B0A-B64C-435CF3B6490C}.LocalHost|Any CPU.Build.0 = Release|Any CPU
		{4FA4EC39-5836-4B0A-B64C-435CF3B6490C}.LocalHost|ARM.ActiveCfg = Release|Any CPU
		{4FA4EC39-5836-4B0A-B64C-435CF3B6490C}.LocalHost|ARM.Build.0 = Release|Any CPU
		{4FA4EC39-5836-4B0A-B64C-435CF3B6490C}.LocalHost|x64.ActiveCfg = Release|Any CPU
		{4FA4EC39-5836-4B0A-B64C-435CF3B6490C}.LocalHost|x64.Build.0 = Release|Any CPU
		{4FA4EC39-5836-4B0A-B64C-435CF3B6490C}.LocalHost|x86.ActiveCfg = Release|Any CPU
		{4FA4EC39-5836-4B0A-B64C-435CF3B6490C}.LocalHost|x86.Build.0 = Release|Any CPU
		{4FA4EC39-5836-4B0A-B64C-435CF3B6490C}.ProductionServer|Any CPU.ActiveCfg = Release|Any CPU
		{4FA4EC39-5836-4B0A-B64C-435CF3B6490C}.ProductionServer|Any CPU.Build.0 = Release|Any CPU
		{4FA4EC39-5836-4B0A-B64C-435CF3B6490C}.ProductionServer|ARM.ActiveCfg = Release|Any CPU
		{4FA4EC39-5836-4B0A-B64C-435CF3B6490C}.ProductionServer|ARM.Build.0 = Release|Any CPU
		{4FA4EC39-5836-4B0A-B64C-435CF3B6490C}.ProductionServer|x64.ActiveCfg = Release|Any CPU
		{4FA4EC39-5836-4B0A-B64C-435CF3B6490C}.ProductionServer|x64.Build.0 = Release|Any CPU
		{4FA4EC39-5836-4B0A-B64C-435CF3B6490C}.ProductionServer|x86.ActiveCfg = Release|Any CPU
		{4FA4EC39-5836-4B0A-B64C-435CF3B6490C}.ProductionServer|x86.Build.0 = Release|Any CPU
		{4FA4EC39-5836-4B0A-B64C-435CF3B6490C}.ProductionServerTEST|Any CPU.ActiveCfg = Release|Any CPU
		{4FA4EC39-5836-4B0A-B64C-435CF3B6490C}.ProductionServerTEST|Any CPU.Build.0 = Release|Any CPU
		{4FA4EC39-5836-4B0A-B64C-435CF3B6490C}.ProductionServerTEST|ARM.ActiveCfg = Release|Any CPU
		{4FA4EC39-5836-4B0A-B64C-435CF3B6490C}.ProductionServerTEST|ARM.Build.0 = Release|Any CPU
		{4FA4EC39-5836-4B0A-B64C-435CF3B6490C}.ProductionServerTEST|x64.ActiveCfg = Release|Any CPU
		{4FA4EC39-5836-4B0A-B64C-435CF3B6490C}.ProductionServerTEST|x64.Build.0 = Release|Any CPU
		{4FA4EC39-5836-4B0A-B64C-435CF3B6490C}.ProductionServerTEST|x86.ActiveCfg = Release|Any CPU
		{4FA4EC39-5836-4B0A-B64C-435CF3B6490C}.ProductionServerTEST|x86.Build.0 = Release|Any CPU
		{4FA4EC39-5836-4B0A-B64C-435CF3B6490C}.Release|Any CPU.ActiveCfg = Release|Any CPU
		{4FA4EC39-5836-4B0A-B64C-435CF3B6490C}.Release|Any CPU.Build.0 = Release|Any CPU
		{4FA4EC39-5836-4B0A-B64C-435CF3B6490C}.Release|ARM.ActiveCfg = Release|Any CPU
		{4FA4EC39-5836-4B0A-B64C-435CF3B6490C}.Release|ARM.Build.0 = Release|Any CPU
		{4FA4EC39-5836-4B0A-B64C-435CF3B6490C}.Release|x64.ActiveCfg = Release|Any CPU
		{4FA4EC39-5836-4B0A-B64C-435CF3B6490C}.Release|x64.Build.0 = Release|Any CPU
		{4FA4EC39-5836-4B0A-B64C-435CF3B6490C}.Release|x86.ActiveCfg = Release|Any CPU
		{4FA4EC39-5836-4B0A-B64C-435CF3B6490C}.Release|x86.Build.0 = Release|Any CPU
		{4FA4EC39-5836-4B0A-B64C-435CF3B6490C}.TestServer|Any CPU.ActiveCfg = Release|Any CPU
		{4FA4EC39-5836-4B0A-B64C-435CF3B6490C}.TestServer|Any CPU.Build.0 = Release|Any CPU
		{4FA4EC39-5836-4B0A-B64C-435CF3B6490C}.TestServer|ARM.ActiveCfg = Release|Any CPU
		{4FA4EC39-5836-4B0A-B64C-435CF3B6490C}.TestServer|ARM.Build.0 = Release|Any CPU
		{4FA4EC39-5836-4B0A-B64C-435CF3B6490C}.TestServer|x64.ActiveCfg = Release|Any CPU
		{4FA4EC39-5836-4B0A-B64C-435CF3B6490C}.TestServer|x64.Build.0 = Release|Any CPU
		{4FA4EC39-5836-4B0A-B64C-435CF3B6490C}.TestServer|x86.ActiveCfg = Release|Any CPU
		{4FA4EC39-5836-4B0A-B64C-435CF3B6490C}.TestServer|x86.Build.0 = Release|Any CPU
		{97761C22-B87A-4DEA-860D-7A235F58BE99}.Debug|Any CPU.ActiveCfg = Debug|Any CPU
		{97761C22-B87A-4DEA-860D-7A235F58BE99}.Debug|Any CPU.Build.0 = Debug|Any CPU
		{97761C22-B87A-4DEA-860D-7A235F58BE99}.Debug|ARM.ActiveCfg = Debug|Any CPU
		{97761C22-B87A-4DEA-860D-7A235F58BE99}.Debug|x64.ActiveCfg = Debug|Any CPU
		{97761C22-B87A-4DEA-860D-7A235F58BE99}.Debug|x86.ActiveCfg = Debug|Any CPU
		{97761C22-B87A-4DEA-860D-7A235F58BE99}.LocalHost|Any CPU.ActiveCfg = Release|Any CPU
		{97761C22-B87A-4DEA-860D-7A235F58BE99}.LocalHost|Any CPU.Build.0 = Release|Any CPU
		{97761C22-B87A-4DEA-860D-7A235F58BE99}.LocalHost|ARM.ActiveCfg = Release|Any CPU
		{97761C22-B87A-4DEA-860D-7A235F58BE99}.LocalHost|x64.ActiveCfg = Release|Any CPU
		{97761C22-B87A-4DEA-860D-7A235F58BE99}.LocalHost|x86.ActiveCfg = Release|Any CPU
		{97761C22-B87A-4DEA-860D-7A235F58BE99}.ProductionServer|Any CPU.ActiveCfg = Release|Any CPU
		{97761C22-B87A-4DEA-860D-7A235F58BE99}.ProductionServer|Any CPU.Build.0 = Release|Any CPU
		{97761C22-B87A-4DEA-860D-7A235F58BE99}.ProductionServer|ARM.ActiveCfg = Release|Any CPU
		{97761C22-B87A-4DEA-860D-7A235F58BE99}.ProductionServer|x64.ActiveCfg = Release|Any CPU
		{97761C22-B87A-4DEA-860D-7A235F58BE99}.ProductionServer|x86.ActiveCfg = Release|Any CPU
		{97761C22-B87A-4DEA-860D-7A235F58BE99}.ProductionServerTEST|Any CPU.ActiveCfg = Release|Any CPU
		{97761C22-B87A-4DEA-860D-7A235F58BE99}.ProductionServerTEST|Any CPU.Build.0 = Release|Any CPU
		{97761C22-B87A-4DEA-860D-7A235F58BE99}.ProductionServerTEST|ARM.ActiveCfg = Release|Any CPU
		{97761C22-B87A-4DEA-860D-7A235F58BE99}.ProductionServerTEST|x64.ActiveCfg = Release|Any CPU
		{97761C22-B87A-4DEA-860D-7A235F58BE99}.ProductionServerTEST|x86.ActiveCfg = Release|Any CPU
		{97761C22-B87A-4DEA-860D-7A235F58BE99}.Release|Any CPU.ActiveCfg = Release|Any CPU
		{97761C22-B87A-4DEA-860D-7A235F58BE99}.Release|Any CPU.Build.0 = Release|Any CPU
		{97761C22-B87A-4DEA-860D-7A235F58BE99}.Release|ARM.ActiveCfg = Release|Any CPU
		{97761C22-B87A-4DEA-860D-7A235F58BE99}.Release|x64.ActiveCfg = Release|Any CPU
		{97761C22-B87A-4DEA-860D-7A235F58BE99}.Release|x86.ActiveCfg = Release|Any CPU
		{97761C22-B87A-4DEA-860D-7A235F58BE99}.TestServer|Any CPU.ActiveCfg = Release|Any CPU
		{97761C22-B87A-4DEA-860D-7A235F58BE99}.TestServer|Any CPU.Build.0 = Release|Any CPU
		{97761C22-B87A-4DEA-860D-7A235F58BE99}.TestServer|ARM.ActiveCfg = Release|Any CPU
		{97761C22-B87A-4DEA-860D-7A235F58BE99}.TestServer|x64.ActiveCfg = Release|Any CPU
		{97761C22-B87A-4DEA-860D-7A235F58BE99}.TestServer|x86.ActiveCfg = Release|Any CPU
		{2178880E-CABA-48DA-BCEA-475B83A2F5D5}.Debug|Any CPU.ActiveCfg = Debug|Any CPU
		{2178880E-CABA-48DA-BCEA-475B83A2F5D5}.Debug|Any CPU.Build.0 = Debug|Any CPU
		{2178880E-CABA-48DA-BCEA-475B83A2F5D5}.Debug|ARM.ActiveCfg = Debug|Any CPU
		{2178880E-CABA-48DA-BCEA-475B83A2F5D5}.Debug|ARM.Build.0 = Debug|Any CPU
		{2178880E-CABA-48DA-BCEA-475B83A2F5D5}.Debug|x64.ActiveCfg = Debug|Any CPU
		{2178880E-CABA-48DA-BCEA-475B83A2F5D5}.Debug|x64.Build.0 = Debug|Any CPU
		{2178880E-CABA-48DA-BCEA-475B83A2F5D5}.Debug|x86.ActiveCfg = Debug|Any CPU
		{2178880E-CABA-48DA-BCEA-475B83A2F5D5}.Debug|x86.Build.0 = Debug|Any CPU
		{2178880E-CABA-48DA-BCEA-475B83A2F5D5}.LocalHost|Any CPU.ActiveCfg = Release|Any CPU
		{2178880E-CABA-48DA-BCEA-475B83A2F5D5}.LocalHost|Any CPU.Build.0 = Release|Any CPU
		{2178880E-CABA-48DA-BCEA-475B83A2F5D5}.LocalHost|ARM.ActiveCfg = Release|Any CPU
		{2178880E-CABA-48DA-BCEA-475B83A2F5D5}.LocalHost|ARM.Build.0 = Release|Any CPU
		{2178880E-CABA-48DA-BCEA-475B83A2F5D5}.LocalHost|x64.ActiveCfg = Release|Any CPU
		{2178880E-CABA-48DA-BCEA-475B83A2F5D5}.LocalHost|x64.Build.0 = Release|Any CPU
		{2178880E-CABA-48DA-BCEA-475B83A2F5D5}.LocalHost|x86.ActiveCfg = Release|Any CPU
		{2178880E-CABA-48DA-BCEA-475B83A2F5D5}.LocalHost|x86.Build.0 = Release|Any CPU
		{2178880E-CABA-48DA-BCEA-475B83A2F5D5}.ProductionServer|Any CPU.ActiveCfg = Release|Any CPU
		{2178880E-CABA-48DA-BCEA-475B83A2F5D5}.ProductionServer|Any CPU.Build.0 = Release|Any CPU
		{2178880E-CABA-48DA-BCEA-475B83A2F5D5}.ProductionServer|ARM.ActiveCfg = Release|Any CPU
		{2178880E-CABA-48DA-BCEA-475B83A2F5D5}.ProductionServer|ARM.Build.0 = Release|Any CPU
		{2178880E-CABA-48DA-BCEA-475B83A2F5D5}.ProductionServer|x64.ActiveCfg = Release|Any CPU
		{2178880E-CABA-48DA-BCEA-475B83A2F5D5}.ProductionServer|x64.Build.0 = Release|Any CPU
		{2178880E-CABA-48DA-BCEA-475B83A2F5D5}.ProductionServer|x86.ActiveCfg = Release|Any CPU
		{2178880E-CABA-48DA-BCEA-475B83A2F5D5}.ProductionServer|x86.Build.0 = Release|Any CPU
		{2178880E-CABA-48DA-BCEA-475B83A2F5D5}.ProductionServerTEST|Any CPU.ActiveCfg = Release|Any CPU
		{2178880E-CABA-48DA-BCEA-475B83A2F5D5}.ProductionServerTEST|Any CPU.Build.0 = Release|Any CPU
		{2178880E-CABA-48DA-BCEA-475B83A2F5D5}.ProductionServerTEST|ARM.ActiveCfg = Release|Any CPU
		{2178880E-CABA-48DA-BCEA-475B83A2F5D5}.ProductionServerTEST|ARM.Build.0 = Release|Any CPU
		{2178880E-CABA-48DA-BCEA-475B83A2F5D5}.ProductionServerTEST|x64.ActiveCfg = Release|Any CPU
		{2178880E-CABA-48DA-BCEA-475B83A2F5D5}.ProductionServerTEST|x64.Build.0 = Release|Any CPU
		{2178880E-CABA-48DA-BCEA-475B83A2F5D5}.ProductionServerTEST|x86.ActiveCfg = Release|Any CPU
		{2178880E-CABA-48DA-BCEA-475B83A2F5D5}.ProductionServerTEST|x86.Build.0 = Release|Any CPU
		{2178880E-CABA-48DA-BCEA-475B83A2F5D5}.Release|Any CPU.ActiveCfg = Release|Any CPU
		{2178880E-CABA-48DA-BCEA-475B83A2F5D5}.Release|Any CPU.Build.0 = Release|Any CPU
		{2178880E-CABA-48DA-BCEA-475B83A2F5D5}.Release|ARM.ActiveCfg = Release|Any CPU
		{2178880E-CABA-48DA-BCEA-475B83A2F5D5}.Release|ARM.Build.0 = Release|Any CPU
		{2178880E-CABA-48DA-BCEA-475B83A2F5D5}.Release|x64.ActiveCfg = Release|Any CPU
		{2178880E-CABA-48DA-BCEA-475B83A2F5D5}.Release|x64.Build.0 = Release|Any CPU
		{2178880E-CABA-48DA-BCEA-475B83A2F5D5}.Release|x86.ActiveCfg = Release|Any CPU
		{2178880E-CABA-48DA-BCEA-475B83A2F5D5}.Release|x86.Build.0 = Release|Any CPU
		{2178880E-CABA-48DA-BCEA-475B83A2F5D5}.TestServer|Any CPU.ActiveCfg = Release|Any CPU
		{2178880E-CABA-48DA-BCEA-475B83A2F5D5}.TestServer|Any CPU.Build.0 = Release|Any CPU
		{2178880E-CABA-48DA-BCEA-475B83A2F5D5}.TestServer|ARM.ActiveCfg = Release|Any CPU
		{2178880E-CABA-48DA-BCEA-475B83A2F5D5}.TestServer|ARM.Build.0 = Release|Any CPU
		{2178880E-CABA-48DA-BCEA-475B83A2F5D5}.TestServer|x64.ActiveCfg = Release|Any CPU
		{2178880E-CABA-48DA-BCEA-475B83A2F5D5}.TestServer|x64.Build.0 = Release|Any CPU
		{2178880E-CABA-48DA-BCEA-475B83A2F5D5}.TestServer|x86.ActiveCfg = Release|Any CPU
		{2178880E-CABA-48DA-BCEA-475B83A2F5D5}.TestServer|x86.Build.0 = Release|Any CPU
		{8673150B-08E5-407A-9362-E303568CC387}.Debug|Any CPU.ActiveCfg = Debug
		{8673150B-08E5-407A-9362-E303568CC387}.Debug|ARM.ActiveCfg = Debug
		{8673150B-08E5-407A-9362-E303568CC387}.Debug|ARM.Build.0 = Debug
		{8673150B-08E5-407A-9362-E303568CC387}.Debug|x64.ActiveCfg = Debug
		{8673150B-08E5-407A-9362-E303568CC387}.Debug|x64.Build.0 = Debug
		{8673150B-08E5-407A-9362-E303568CC387}.Debug|x86.ActiveCfg = Debug
		{8673150B-08E5-407A-9362-E303568CC387}.Debug|x86.Build.0 = Debug
		{8673150B-08E5-407A-9362-E303568CC387}.LocalHost|Any CPU.ActiveCfg = Release
		{8673150B-08E5-407A-9362-E303568CC387}.LocalHost|ARM.ActiveCfg = Release
		{8673150B-08E5-407A-9362-E303568CC387}.LocalHost|ARM.Build.0 = Release
		{8673150B-08E5-407A-9362-E303568CC387}.LocalHost|x64.ActiveCfg = Release
		{8673150B-08E5-407A-9362-E303568CC387}.LocalHost|x64.Build.0 = Release
		{8673150B-08E5-407A-9362-E303568CC387}.LocalHost|x86.ActiveCfg = Release
		{8673150B-08E5-407A-9362-E303568CC387}.LocalHost|x86.Build.0 = Release
		{8673150B-08E5-407A-9362-E303568CC387}.ProductionServer|Any CPU.ActiveCfg = Release
		{8673150B-08E5-407A-9362-E303568CC387}.ProductionServer|ARM.ActiveCfg = Release
		{8673150B-08E5-407A-9362-E303568CC387}.ProductionServer|ARM.Build.0 = Release
		{8673150B-08E5-407A-9362-E303568CC387}.ProductionServer|x64.ActiveCfg = Release
		{8673150B-08E5-407A-9362-E303568CC387}.ProductionServer|x64.Build.0 = Release
		{8673150B-08E5-407A-9362-E303568CC387}.ProductionServer|x86.ActiveCfg = Release
		{8673150B-08E5-407A-9362-E303568CC387}.ProductionServer|x86.Build.0 = Release
		{8673150B-08E5-407A-9362-E303568CC387}.ProductionServerTEST|Any CPU.ActiveCfg = Release
		{8673150B-08E5-407A-9362-E303568CC387}.ProductionServerTEST|ARM.ActiveCfg = Release
		{8673150B-08E5-407A-9362-E303568CC387}.ProductionServerTEST|ARM.Build.0 = Release
		{8673150B-08E5-407A-9362-E303568CC387}.ProductionServerTEST|x64.ActiveCfg = Release
		{8673150B-08E5-407A-9362-E303568CC387}.ProductionServerTEST|x64.Build.0 = Release
		{8673150B-08E5-407A-9362-E303568CC387}.ProductionServerTEST|x86.ActiveCfg = Release
		{8673150B-08E5-407A-9362-E303568CC387}.ProductionServerTEST|x86.Build.0 = Release
		{8673150B-08E5-407A-9362-E303568CC387}.Release|Any CPU.ActiveCfg = Release
		{8673150B-08E5-407A-9362-E303568CC387}.Release|ARM.ActiveCfg = Release
		{8673150B-08E5-407A-9362-E303568CC387}.Release|ARM.Build.0 = Release
		{8673150B-08E5-407A-9362-E303568CC387}.Release|x64.ActiveCfg = Release
		{8673150B-08E5-407A-9362-E303568CC387}.Release|x64.Build.0 = Release
		{8673150B-08E5-407A-9362-E303568CC387}.Release|x86.ActiveCfg = Release
		{8673150B-08E5-407A-9362-E303568CC387}.Release|x86.Build.0 = Release
		{8673150B-08E5-407A-9362-E303568CC387}.TestServer|Any CPU.ActiveCfg = Release
		{8673150B-08E5-407A-9362-E303568CC387}.TestServer|ARM.ActiveCfg = Release
		{8673150B-08E5-407A-9362-E303568CC387}.TestServer|ARM.Build.0 = Release
		{8673150B-08E5-407A-9362-E303568CC387}.TestServer|x64.ActiveCfg = Release
		{8673150B-08E5-407A-9362-E303568CC387}.TestServer|x64.Build.0 = Release
		{8673150B-08E5-407A-9362-E303568CC387}.TestServer|x86.ActiveCfg = Release
		{8673150B-08E5-407A-9362-E303568CC387}.TestServer|x86.Build.0 = Release
		{D3A36070-8B98-405F-AE14-F6CF473F307D}.Debug|Any CPU.ActiveCfg = Debug|Any CPU
		{D3A36070-8B98-405F-AE14-F6CF473F307D}.Debug|Any CPU.Build.0 = Debug|Any CPU
		{D3A36070-8B98-405F-AE14-F6CF473F307D}.Debug|ARM.ActiveCfg = Debug|Any CPU
		{D3A36070-8B98-405F-AE14-F6CF473F307D}.Debug|ARM.Build.0 = Debug|Any CPU
		{D3A36070-8B98-405F-AE14-F6CF473F307D}.Debug|x64.ActiveCfg = Debug|Any CPU
		{D3A36070-8B98-405F-AE14-F6CF473F307D}.Debug|x64.Build.0 = Debug|Any CPU
		{D3A36070-8B98-405F-AE14-F6CF473F307D}.Debug|x86.ActiveCfg = Debug|Any CPU
		{D3A36070-8B98-405F-AE14-F6CF473F307D}.Debug|x86.Build.0 = Debug|Any CPU
		{D3A36070-8B98-405F-AE14-F6CF473F307D}.LocalHost|Any CPU.ActiveCfg = Release|Any CPU
		{D3A36070-8B98-405F-AE14-F6CF473F307D}.LocalHost|Any CPU.Build.0 = Release|Any CPU
		{D3A36070-8B98-405F-AE14-F6CF473F307D}.LocalHost|ARM.ActiveCfg = Release|Any CPU
		{D3A36070-8B98-405F-AE14-F6CF473F307D}.LocalHost|ARM.Build.0 = Release|Any CPU
		{D3A36070-8B98-405F-AE14-F6CF473F307D}.LocalHost|x64.ActiveCfg = Release|Any CPU
		{D3A36070-8B98-405F-AE14-F6CF473F307D}.LocalHost|x64.Build.0 = Release|Any CPU
		{D3A36070-8B98-405F-AE14-F6CF473F307D}.LocalHost|x86.ActiveCfg = Release|Any CPU
		{D3A36070-8B98-405F-AE14-F6CF473F307D}.LocalHost|x86.Build.0 = Release|Any CPU
		{D3A36070-8B98-405F-AE14-F6CF473F307D}.ProductionServer|Any CPU.ActiveCfg = Release|Any CPU
		{D3A36070-8B98-405F-AE14-F6CF473F307D}.ProductionServer|Any CPU.Build.0 = Release|Any CPU
		{D3A36070-8B98-405F-AE14-F6CF473F307D}.ProductionServer|ARM.ActiveCfg = Release|Any CPU
		{D3A36070-8B98-405F-AE14-F6CF473F307D}.ProductionServer|ARM.Build.0 = Release|Any CPU
		{D3A36070-8B98-405F-AE14-F6CF473F307D}.ProductionServer|x64.ActiveCfg = Release|Any CPU
		{D3A36070-8B98-405F-AE14-F6CF473F307D}.ProductionServer|x64.Build.0 = Release|Any CPU
		{D3A36070-8B98-405F-AE14-F6CF473F307D}.ProductionServer|x86.ActiveCfg = Release|Any CPU
		{D3A36070-8B98-405F-AE14-F6CF473F307D}.ProductionServer|x86.Build.0 = Release|Any CPU
		{D3A36070-8B98-405F-AE14-F6CF473F307D}.ProductionServerTEST|Any CPU.ActiveCfg = Release|Any CPU
		{D3A36070-8B98-405F-AE14-F6CF473F307D}.ProductionServerTEST|Any CPU.Build.0 = Release|Any CPU
		{D3A36070-8B98-405F-AE14-F6CF473F307D}.ProductionServerTEST|ARM.ActiveCfg = Release|Any CPU
		{D3A36070-8B98-405F-AE14-F6CF473F307D}.ProductionServerTEST|ARM.Build.0 = Release|Any CPU
		{D3A36070-8B98-405F-AE14-F6CF473F307D}.ProductionServerTEST|x64.ActiveCfg = Release|Any CPU
		{D3A36070-8B98-405F-AE14-F6CF473F307D}.ProductionServerTEST|x64.Build.0 = Release|Any CPU
		{D3A36070-8B98-405F-AE14-F6CF473F307D}.ProductionServerTEST|x86.ActiveCfg = Release|Any CPU
		{D3A36070-8B98-405F-AE14-F6CF473F307D}.ProductionServerTEST|x86.Build.0 = Release|Any CPU
		{D3A36070-8B98-405F-AE14-F6CF473F307D}.Release|Any CPU.ActiveCfg = Release|Any CPU
		{D3A36070-8B98-405F-AE14-F6CF473F307D}.Release|Any CPU.Build.0 = Release|Any CPU
		{D3A36070-8B98-405F-AE14-F6CF473F307D}.Release|ARM.ActiveCfg = Release|Any CPU
		{D3A36070-8B98-405F-AE14-F6CF473F307D}.Release|ARM.Build.0 = Release|Any CPU
		{D3A36070-8B98-405F-AE14-F6CF473F307D}.Release|x64.ActiveCfg = Release|Any CPU
		{D3A36070-8B98-405F-AE14-F6CF473F307D}.Release|x64.Build.0 = Release|Any CPU
		{D3A36070-8B98-405F-AE14-F6CF473F307D}.Release|x86.ActiveCfg = Release|Any CPU
		{D3A36070-8B98-405F-AE14-F6CF473F307D}.Release|x86.Build.0 = Release|Any CPU
		{D3A36070-8B98-405F-AE14-F6CF473F307D}.TestServer|Any CPU.ActiveCfg = Release|Any CPU
		{D3A36070-8B98-405F-AE14-F6CF473F307D}.TestServer|Any CPU.Build.0 = Release|Any CPU
		{D3A36070-8B98-405F-AE14-F6CF473F307D}.TestServer|ARM.ActiveCfg = Release|Any CPU
		{D3A36070-8B98-405F-AE14-F6CF473F307D}.TestServer|ARM.Build.0 = Release|Any CPU
		{D3A36070-8B98-405F-AE14-F6CF473F307D}.TestServer|x64.ActiveCfg = Release|Any CPU
		{D3A36070-8B98-405F-AE14-F6CF473F307D}.TestServer|x64.Build.0 = Release|Any CPU
		{D3A36070-8B98-405F-AE14-F6CF473F307D}.TestServer|x86.ActiveCfg = Release|Any CPU
		{D3A36070-8B98-405F-AE14-F6CF473F307D}.TestServer|x86.Build.0 = Release|Any CPU
		{BD98DC15-D572-4C65-A6F3-F50437F0C92F}.Debug|Any CPU.ActiveCfg = Debug|Any CPU
		{BD98DC15-D572-4C65-A6F3-F50437F0C92F}.Debug|Any CPU.Build.0 = Debug|Any CPU
		{BD98DC15-D572-4C65-A6F3-F50437F0C92F}.Debug|ARM.ActiveCfg = Debug|Any CPU
		{BD98DC15-D572-4C65-A6F3-F50437F0C92F}.Debug|ARM.Build.0 = Debug|Any CPU
		{BD98DC15-D572-4C65-A6F3-F50437F0C92F}.Debug|x64.ActiveCfg = Debug|Any CPU
		{BD98DC15-D572-4C65-A6F3-F50437F0C92F}.Debug|x64.Build.0 = Debug|Any CPU
		{BD98DC15-D572-4C65-A6F3-F50437F0C92F}.Debug|x86.ActiveCfg = Debug|Any CPU
		{BD98DC15-D572-4C65-A6F3-F50437F0C92F}.Debug|x86.Build.0 = Debug|Any CPU
		{BD98DC15-D572-4C65-A6F3-F50437F0C92F}.LocalHost|Any CPU.ActiveCfg = Release|Any CPU
		{BD98DC15-D572-4C65-A6F3-F50437F0C92F}.LocalHost|Any CPU.Build.0 = Release|Any CPU
		{BD98DC15-D572-4C65-A6F3-F50437F0C92F}.LocalHost|ARM.ActiveCfg = Release|Any CPU
		{BD98DC15-D572-4C65-A6F3-F50437F0C92F}.LocalHost|ARM.Build.0 = Release|Any CPU
		{BD98DC15-D572-4C65-A6F3-F50437F0C92F}.LocalHost|x64.ActiveCfg = Release|Any CPU
		{BD98DC15-D572-4C65-A6F3-F50437F0C92F}.LocalHost|x64.Build.0 = Release|Any CPU
		{BD98DC15-D572-4C65-A6F3-F50437F0C92F}.LocalHost|x86.ActiveCfg = Release|Any CPU
		{BD98DC15-D572-4C65-A6F3-F50437F0C92F}.LocalHost|x86.Build.0 = Release|Any CPU
		{BD98DC15-D572-4C65-A6F3-F50437F0C92F}.ProductionServer|Any CPU.ActiveCfg = Release|Any CPU
		{BD98DC15-D572-4C65-A6F3-F50437F0C92F}.ProductionServer|Any CPU.Build.0 = Release|Any CPU
		{BD98DC15-D572-4C65-A6F3-F50437F0C92F}.ProductionServer|ARM.ActiveCfg = Release|Any CPU
		{BD98DC15-D572-4C65-A6F3-F50437F0C92F}.ProductionServer|ARM.Build.0 = Release|Any CPU
		{BD98DC15-D572-4C65-A6F3-F50437F0C92F}.ProductionServer|x64.ActiveCfg = Release|Any CPU
		{BD98DC15-D572-4C65-A6F3-F50437F0C92F}.ProductionServer|x64.Build.0 = Release|Any CPU
		{BD98DC15-D572-4C65-A6F3-F50437F0C92F}.ProductionServer|x86.ActiveCfg = Release|Any CPU
		{BD98DC15-D572-4C65-A6F3-F50437F0C92F}.ProductionServer|x86.Build.0 = Release|Any CPU
		{BD98DC15-D572-4C65-A6F3-F50437F0C92F}.ProductionServerTEST|Any CPU.ActiveCfg = Release|Any CPU
		{BD98DC15-D572-4C65-A6F3-F50437F0C92F}.ProductionServerTEST|Any CPU.Build.0 = Release|Any CPU
		{BD98DC15-D572-4C65-A6F3-F50437F0C92F}.ProductionServerTEST|ARM.ActiveCfg = Release|Any CPU
		{BD98DC15-D572-4C65-A6F3-F50437F0C92F}.ProductionServerTEST|ARM.Build.0 = Release|Any CPU
		{BD98DC15-D572-4C65-A6F3-F50437F0C92F}.ProductionServerTEST|x64.ActiveCfg = Release|Any CPU
		{BD98DC15-D572-4C65-A6F3-F50437F0C92F}.ProductionServerTEST|x64.Build.0 = Release|Any CPU
		{BD98DC15-D572-4C65-A6F3-F50437F0C92F}.ProductionServerTEST|x86.ActiveCfg = Release|Any CPU
		{BD98DC15-D572-4C65-A6F3-F50437F0C92F}.ProductionServerTEST|x86.Build.0 = Release|Any CPU
		{BD98DC15-D572-4C65-A6F3-F50437F0C92F}.Release|Any CPU.ActiveCfg = Release|Any CPU
		{BD98DC15-D572-4C65-A6F3-F50437F0C92F}.Release|Any CPU.Build.0 = Release|Any CPU
		{BD98DC15-D572-4C65-A6F3-F50437F0C92F}.Release|ARM.ActiveCfg = Release|Any CPU
		{BD98DC15-D572-4C65-A6F3-F50437F0C92F}.Release|ARM.Build.0 = Release|Any CPU
		{BD98DC15-D572-4C65-A6F3-F50437F0C92F}.Release|x64.ActiveCfg = Release|Any CPU
		{BD98DC15-D572-4C65-A6F3-F50437F0C92F}.Release|x64.Build.0 = Release|Any CPU
		{BD98DC15-D572-4C65-A6F3-F50437F0C92F}.Release|x86.ActiveCfg = Release|Any CPU
		{BD98DC15-D572-4C65-A6F3-F50437F0C92F}.Release|x86.Build.0 = Release|Any CPU
		{BD98DC15-D572-4C65-A6F3-F50437F0C92F}.TestServer|Any CPU.ActiveCfg = Release|Any CPU
		{BD98DC15-D572-4C65-A6F3-F50437F0C92F}.TestServer|Any CPU.Build.0 = Release|Any CPU
		{BD98DC15-D572-4C65-A6F3-F50437F0C92F}.TestServer|ARM.ActiveCfg = Release|Any CPU
		{BD98DC15-D572-4C65-A6F3-F50437F0C92F}.TestServer|ARM.Build.0 = Release|Any CPU
		{BD98DC15-D572-4C65-A6F3-F50437F0C92F}.TestServer|x64.ActiveCfg = Release|Any CPU
		{BD98DC15-D572-4C65-A6F3-F50437F0C92F}.TestServer|x64.Build.0 = Release|Any CPU
		{BD98DC15-D572-4C65-A6F3-F50437F0C92F}.TestServer|x86.ActiveCfg = Release|Any CPU
		{BD98DC15-D572-4C65-A6F3-F50437F0C92F}.TestServer|x86.Build.0 = Release|Any CPU
		{CE655C31-F7C4-4D63-BE59-FD3941028CEE}.Debug|Any CPU.ActiveCfg = Debug|Any CPU
		{CE655C31-F7C4-4D63-BE59-FD3941028CEE}.Debug|Any CPU.Build.0 = Debug|Any CPU
		{CE655C31-F7C4-4D63-BE59-FD3941028CEE}.Debug|ARM.ActiveCfg = Debug|Any CPU
		{CE655C31-F7C4-4D63-BE59-FD3941028CEE}.Debug|ARM.Build.0 = Debug|Any CPU
		{CE655C31-F7C4-4D63-BE59-FD3941028CEE}.Debug|x64.ActiveCfg = Debug|Any CPU
		{CE655C31-F7C4-4D63-BE59-FD3941028CEE}.Debug|x64.Build.0 = Debug|Any CPU
		{CE655C31-F7C4-4D63-BE59-FD3941028CEE}.Debug|x86.ActiveCfg = Debug|Any CPU
		{CE655C31-F7C4-4D63-BE59-FD3941028CEE}.Debug|x86.Build.0 = Debug|Any CPU
		{CE655C31-F7C4-4D63-BE59-FD3941028CEE}.LocalHost|Any CPU.ActiveCfg = Release|Any CPU
		{CE655C31-F7C4-4D63-BE59-FD3941028CEE}.LocalHost|Any CPU.Build.0 = Release|Any CPU
		{CE655C31-F7C4-4D63-BE59-FD3941028CEE}.LocalHost|ARM.ActiveCfg = Release|Any CPU
		{CE655C31-F7C4-4D63-BE59-FD3941028CEE}.LocalHost|ARM.Build.0 = Release|Any CPU
		{CE655C31-F7C4-4D63-BE59-FD3941028CEE}.LocalHost|x64.ActiveCfg = Release|Any CPU
		{CE655C31-F7C4-4D63-BE59-FD3941028CEE}.LocalHost|x64.Build.0 = Release|Any CPU
		{CE655C31-F7C4-4D63-BE59-FD3941028CEE}.LocalHost|x86.ActiveCfg = Release|Any CPU
		{CE655C31-F7C4-4D63-BE59-FD3941028CEE}.LocalHost|x86.Build.0 = Release|Any CPU
		{CE655C31-F7C4-4D63-BE59-FD3941028CEE}.ProductionServer|Any CPU.ActiveCfg = Release|Any CPU
		{CE655C31-F7C4-4D63-BE59-FD3941028CEE}.ProductionServer|Any CPU.Build.0 = Release|Any CPU
		{CE655C31-F7C4-4D63-BE59-FD3941028CEE}.ProductionServer|ARM.ActiveCfg = Release|Any CPU
		{CE655C31-F7C4-4D63-BE59-FD3941028CEE}.ProductionServer|ARM.Build.0 = Release|Any CPU
		{CE655C31-F7C4-4D63-BE59-FD3941028CEE}.ProductionServer|x64.ActiveCfg = Release|Any CPU
		{CE655C31-F7C4-4D63-BE59-FD3941028CEE}.ProductionServer|x64.Build.0 = Release|Any CPU
		{CE655C31-F7C4-4D63-BE59-FD3941028CEE}.ProductionServer|x86.ActiveCfg = Release|Any CPU
		{CE655C31-F7C4-4D63-BE59-FD3941028CEE}.ProductionServer|x86.Build.0 = Release|Any CPU
		{CE655C31-F7C4-4D63-BE59-FD3941028CEE}.ProductionServerTEST|Any CPU.ActiveCfg = Release|Any CPU
		{CE655C31-F7C4-4D63-BE59-FD3941028CEE}.ProductionServerTEST|Any CPU.Build.0 = Release|Any CPU
		{CE655C31-F7C4-4D63-BE59-FD3941028CEE}.ProductionServerTEST|ARM.ActiveCfg = Release|Any CPU
		{CE655C31-F7C4-4D63-BE59-FD3941028CEE}.ProductionServerTEST|ARM.Build.0 = Release|Any CPU
		{CE655C31-F7C4-4D63-BE59-FD3941028CEE}.ProductionServerTEST|x64.ActiveCfg = Release|Any CPU
		{CE655C31-F7C4-4D63-BE59-FD3941028CEE}.ProductionServerTEST|x64.Build.0 = Release|Any CPU
		{CE655C31-F7C4-4D63-BE59-FD3941028CEE}.ProductionServerTEST|x86.ActiveCfg = Release|Any CPU
		{CE655C31-F7C4-4D63-BE59-FD3941028CEE}.ProductionServerTEST|x86.Build.0 = Release|Any CPU
		{CE655C31-F7C4-4D63-BE59-FD3941028CEE}.Release|Any CPU.ActiveCfg = Release|Any CPU
		{CE655C31-F7C4-4D63-BE59-FD3941028CEE}.Release|Any CPU.Build.0 = Release|Any CPU
		{CE655C31-F7C4-4D63-BE59-FD3941028CEE}.Release|ARM.ActiveCfg = Release|Any CPU
		{CE655C31-F7C4-4D63-BE59-FD3941028CEE}.Release|ARM.Build.0 = Release|Any CPU
		{CE655C31-F7C4-4D63-BE59-FD3941028CEE}.Release|x64.ActiveCfg = Release|Any CPU
		{CE655C31-F7C4-4D63-BE59-FD3941028CEE}.Release|x64.Build.0 = Release|Any CPU
		{CE655C31-F7C4-4D63-BE59-FD3941028CEE}.Release|x86.ActiveCfg = Release|Any CPU
		{CE655C31-F7C4-4D63-BE59-FD3941028CEE}.Release|x86.Build.0 = Release|Any CPU
		{CE655C31-F7C4-4D63-BE59-FD3941028CEE}.TestServer|Any CPU.ActiveCfg = Release|Any CPU
		{CE655C31-F7C4-4D63-BE59-FD3941028CEE}.TestServer|Any CPU.Build.0 = Release|Any CPU
		{CE655C31-F7C4-4D63-BE59-FD3941028CEE}.TestServer|ARM.ActiveCfg = Release|Any CPU
		{CE655C31-F7C4-4D63-BE59-FD3941028CEE}.TestServer|ARM.Build.0 = Release|Any CPU
		{CE655C31-F7C4-4D63-BE59-FD3941028CEE}.TestServer|x64.ActiveCfg = Release|Any CPU
		{CE655C31-F7C4-4D63-BE59-FD3941028CEE}.TestServer|x64.Build.0 = Release|Any CPU
		{CE655C31-F7C4-4D63-BE59-FD3941028CEE}.TestServer|x86.ActiveCfg = Release|Any CPU
		{CE655C31-F7C4-4D63-BE59-FD3941028CEE}.TestServer|x86.Build.0 = Release|Any CPU
		{AA2DD9C0-18D1-45E2-85F8-A40EA8545629}.Debug|Any CPU.ActiveCfg = Debug|Any CPU
		{AA2DD9C0-18D1-45E2-85F8-A40EA8545629}.Debug|Any CPU.Build.0 = Debug|Any CPU
		{AA2DD9C0-18D1-45E2-85F8-A40EA8545629}.Debug|ARM.ActiveCfg = Debug|Any CPU
		{AA2DD9C0-18D1-45E2-85F8-A40EA8545629}.Debug|ARM.Build.0 = Debug|Any CPU
		{AA2DD9C0-18D1-45E2-85F8-A40EA8545629}.Debug|x64.ActiveCfg = Debug|Any CPU
		{AA2DD9C0-18D1-45E2-85F8-A40EA8545629}.Debug|x64.Build.0 = Debug|Any CPU
		{AA2DD9C0-18D1-45E2-85F8-A40EA8545629}.Debug|x86.ActiveCfg = Debug|Any CPU
		{AA2DD9C0-18D1-45E2-85F8-A40EA8545629}.Debug|x86.Build.0 = Debug|Any CPU
		{AA2DD9C0-18D1-45E2-85F8-A40EA8545629}.LocalHost|Any CPU.ActiveCfg = Release|Any CPU
		{AA2DD9C0-18D1-45E2-85F8-A40EA8545629}.LocalHost|Any CPU.Build.0 = Release|Any CPU
		{AA2DD9C0-18D1-45E2-85F8-A40EA8545629}.LocalHost|ARM.ActiveCfg = Release|Any CPU
		{AA2DD9C0-18D1-45E2-85F8-A40EA8545629}.LocalHost|ARM.Build.0 = Release|Any CPU
		{AA2DD9C0-18D1-45E2-85F8-A40EA8545629}.LocalHost|x64.ActiveCfg = Release|Any CPU
		{AA2DD9C0-18D1-45E2-85F8-A40EA8545629}.LocalHost|x64.Build.0 = Release|Any CPU
		{AA2DD9C0-18D1-45E2-85F8-A40EA8545629}.LocalHost|x86.ActiveCfg = Release|Any CPU
		{AA2DD9C0-18D1-45E2-85F8-A40EA8545629}.LocalHost|x86.Build.0 = Release|Any CPU
		{AA2DD9C0-18D1-45E2-85F8-A40EA8545629}.ProductionServer|Any CPU.ActiveCfg = Release|Any CPU
		{AA2DD9C0-18D1-45E2-85F8-A40EA8545629}.ProductionServer|Any CPU.Build.0 = Release|Any CPU
		{AA2DD9C0-18D1-45E2-85F8-A40EA8545629}.ProductionServer|ARM.ActiveCfg = Release|Any CPU
		{AA2DD9C0-18D1-45E2-85F8-A40EA8545629}.ProductionServer|ARM.Build.0 = Release|Any CPU
		{AA2DD9C0-18D1-45E2-85F8-A40EA8545629}.ProductionServer|x64.ActiveCfg = Release|Any CPU
		{AA2DD9C0-18D1-45E2-85F8-A40EA8545629}.ProductionServer|x64.Build.0 = Release|Any CPU
		{AA2DD9C0-18D1-45E2-85F8-A40EA8545629}.ProductionServer|x86.ActiveCfg = Release|Any CPU
		{AA2DD9C0-18D1-45E2-85F8-A40EA8545629}.ProductionServer|x86.Build.0 = Release|Any CPU
		{AA2DD9C0-18D1-45E2-85F8-A40EA8545629}.ProductionServerTEST|Any CPU.ActiveCfg = Release|Any CPU
		{AA2DD9C0-18D1-45E2-85F8-A40EA8545629}.ProductionServerTEST|Any CPU.Build.0 = Release|Any CPU
		{AA2DD9C0-18D1-45E2-85F8-A40EA8545629}.ProductionServerTEST|ARM.ActiveCfg = Release|Any CPU
		{AA2DD9C0-18D1-45E2-85F8-A40EA8545629}.ProductionServerTEST|ARM.Build.0 = Release|Any CPU
		{AA2DD9C0-18D1-45E2-85F8-A40EA8545629}.ProductionServerTEST|x64.ActiveCfg = Release|Any CPU
		{AA2DD9C0-18D1-45E2-85F8-A40EA8545629}.ProductionServerTEST|x64.Build.0 = Release|Any CPU
		{AA2DD9C0-18D1-45E2-85F8-A40EA8545629}.ProductionServerTEST|x86.ActiveCfg = Release|Any CPU
		{AA2DD9C0-18D1-45E2-85F8-A40EA8545629}.ProductionServerTEST|x86.Build.0 = Release|Any CPU
		{AA2DD9C0-18D1-45E2-85F8-A40EA8545629}.Release|Any CPU.ActiveCfg = Release|Any CPU
		{AA2DD9C0-18D1-45E2-85F8-A40EA8545629}.Release|Any CPU.Build.0 = Release|Any CPU
		{AA2DD9C0-18D1-45E2-85F8-A40EA8545629}.Release|ARM.ActiveCfg = Release|Any CPU
		{AA2DD9C0-18D1-45E2-85F8-A40EA8545629}.Release|ARM.Build.0 = Release|Any CPU
		{AA2DD9C0-18D1-45E2-85F8-A40EA8545629}.Release|x64.ActiveCfg = Release|Any CPU
		{AA2DD9C0-18D1-45E2-85F8-A40EA8545629}.Release|x64.Build.0 = Release|Any CPU
		{AA2DD9C0-18D1-45E2-85F8-A40EA8545629}.Release|x86.ActiveCfg = Release|Any CPU
		{AA2DD9C0-18D1-45E2-85F8-A40EA8545629}.Release|x86.Build.0 = Release|Any CPU
		{AA2DD9C0-18D1-45E2-85F8-A40EA8545629}.TestServer|Any CPU.ActiveCfg = Release|Any CPU
		{AA2DD9C0-18D1-45E2-85F8-A40EA8545629}.TestServer|Any CPU.Build.0 = Release|Any CPU
		{AA2DD9C0-18D1-45E2-85F8-A40EA8545629}.TestServer|ARM.ActiveCfg = Release|Any CPU
		{AA2DD9C0-18D1-45E2-85F8-A40EA8545629}.TestServer|ARM.Build.0 = Release|Any CPU
		{AA2DD9C0-18D1-45E2-85F8-A40EA8545629}.TestServer|x64.ActiveCfg = Release|Any CPU
		{AA2DD9C0-18D1-45E2-85F8-A40EA8545629}.TestServer|x64.Build.0 = Release|Any CPU
		{AA2DD9C0-18D1-45E2-85F8-A40EA8545629}.TestServer|x86.ActiveCfg = Release|Any CPU
		{AA2DD9C0-18D1-45E2-85F8-A40EA8545629}.TestServer|x86.Build.0 = Release|Any CPU
		{61EDB3B8-71E2-4869-8F92-3EF4158AF141}.Debug|Any CPU.ActiveCfg = Debug|Any CPU
		{61EDB3B8-71E2-4869-8F92-3EF4158AF141}.Debug|Any CPU.Build.0 = Debug|Any CPU
		{61EDB3B8-71E2-4869-8F92-3EF4158AF141}.Debug|ARM.ActiveCfg = Debug|Any CPU
		{61EDB3B8-71E2-4869-8F92-3EF4158AF141}.Debug|ARM.Build.0 = Debug|Any CPU
		{61EDB3B8-71E2-4869-8F92-3EF4158AF141}.Debug|x64.ActiveCfg = Debug|Any CPU
		{61EDB3B8-71E2-4869-8F92-3EF4158AF141}.Debug|x64.Build.0 = Debug|Any CPU
		{61EDB3B8-71E2-4869-8F92-3EF4158AF141}.Debug|x86.ActiveCfg = Debug|Any CPU
		{61EDB3B8-71E2-4869-8F92-3EF4158AF141}.Debug|x86.Build.0 = Debug|Any CPU
		{61EDB3B8-71E2-4869-8F92-3EF4158AF141}.LocalHost|Any CPU.ActiveCfg = Release|Any CPU
		{61EDB3B8-71E2-4869-8F92-3EF4158AF141}.LocalHost|Any CPU.Build.0 = Release|Any CPU
		{61EDB3B8-71E2-4869-8F92-3EF4158AF141}.LocalHost|ARM.ActiveCfg = Release|Any CPU
		{61EDB3B8-71E2-4869-8F92-3EF4158AF141}.LocalHost|ARM.Build.0 = Release|Any CPU
		{61EDB3B8-71E2-4869-8F92-3EF4158AF141}.LocalHost|x64.ActiveCfg = Release|Any CPU
		{61EDB3B8-71E2-4869-8F92-3EF4158AF141}.LocalHost|x64.Build.0 = Release|Any CPU
		{61EDB3B8-71E2-4869-8F92-3EF4158AF141}.LocalHost|x86.ActiveCfg = Release|Any CPU
		{61EDB3B8-71E2-4869-8F92-3EF4158AF141}.LocalHost|x86.Build.0 = Release|Any CPU
		{61EDB3B8-71E2-4869-8F92-3EF4158AF141}.ProductionServer|Any CPU.ActiveCfg = Release|Any CPU
		{61EDB3B8-71E2-4869-8F92-3EF4158AF141}.ProductionServer|Any CPU.Build.0 = Release|Any CPU
		{61EDB3B8-71E2-4869-8F92-3EF4158AF141}.ProductionServer|ARM.ActiveCfg = Release|Any CPU
		{61EDB3B8-71E2-4869-8F92-3EF4158AF141}.ProductionServer|ARM.Build.0 = Release|Any CPU
		{61EDB3B8-71E2-4869-8F92-3EF4158AF141}.ProductionServer|x64.ActiveCfg = Release|Any CPU
		{61EDB3B8-71E2-4869-8F92-3EF4158AF141}.ProductionServer|x64.Build.0 = Release|Any CPU
		{61EDB3B8-71E2-4869-8F92-3EF4158AF141}.ProductionServer|x86.ActiveCfg = Release|Any CPU
		{61EDB3B8-71E2-4869-8F92-3EF4158AF141}.ProductionServer|x86.Build.0 = Release|Any CPU
		{61EDB3B8-71E2-4869-8F92-3EF4158AF141}.ProductionServerTEST|Any CPU.ActiveCfg = Release|Any CPU
		{61EDB3B8-71E2-4869-8F92-3EF4158AF141}.ProductionServerTEST|Any CPU.Build.0 = Release|Any CPU
		{61EDB3B8-71E2-4869-8F92-3EF4158AF141}.ProductionServerTEST|ARM.ActiveCfg = Release|Any CPU
		{61EDB3B8-71E2-4869-8F92-3EF4158AF141}.ProductionServerTEST|ARM.Build.0 = Release|Any CPU
		{61EDB3B8-71E2-4869-8F92-3EF4158AF141}.ProductionServerTEST|x64.ActiveCfg = Release|Any CPU
		{61EDB3B8-71E2-4869-8F92-3EF4158AF141}.ProductionServerTEST|x64.Build.0 = Release|Any CPU
		{61EDB3B8-71E2-4869-8F92-3EF4158AF141}.ProductionServerTEST|x86.ActiveCfg = Release|Any CPU
		{61EDB3B8-71E2-4869-8F92-3EF4158AF141}.ProductionServerTEST|x86.Build.0 = Release|Any CPU
		{61EDB3B8-71E2-4869-8F92-3EF4158AF141}.Release|Any CPU.ActiveCfg = Release|Any CPU
		{61EDB3B8-71E2-4869-8F92-3EF4158AF141}.Release|Any CPU.Build.0 = Release|Any CPU
		{61EDB3B8-71E2-4869-8F92-3EF4158AF141}.Release|ARM.ActiveCfg = Release|Any CPU
		{61EDB3B8-71E2-4869-8F92-3EF4158AF141}.Release|ARM.Build.0 = Release|Any CPU
		{61EDB3B8-71E2-4869-8F92-3EF4158AF141}.Release|x64.ActiveCfg = Release|Any CPU
		{61EDB3B8-71E2-4869-8F92-3EF4158AF141}.Release|x64.Build.0 = Release|Any CPU
		{61EDB3B8-71E2-4869-8F92-3EF4158AF141}.Release|x86.ActiveCfg = Release|Any CPU
		{61EDB3B8-71E2-4869-8F92-3EF4158AF141}.Release|x86.Build.0 = Release|Any CPU
		{61EDB3B8-71E2-4869-8F92-3EF4158AF141}.TestServer|Any CPU.ActiveCfg = Release|Any CPU
		{61EDB3B8-71E2-4869-8F92-3EF4158AF141}.TestServer|Any CPU.Build.0 = Release|Any CPU
		{61EDB3B8-71E2-4869-8F92-3EF4158AF141}.TestServer|ARM.ActiveCfg = Release|Any CPU
		{61EDB3B8-71E2-4869-8F92-3EF4158AF141}.TestServer|ARM.Build.0 = Release|Any CPU
		{61EDB3B8-71E2-4869-8F92-3EF4158AF141}.TestServer|x64.ActiveCfg = Release|Any CPU
		{61EDB3B8-71E2-4869-8F92-3EF4158AF141}.TestServer|x64.Build.0 = Release|Any CPU
		{61EDB3B8-71E2-4869-8F92-3EF4158AF141}.TestServer|x86.ActiveCfg = Release|Any CPU
		{61EDB3B8-71E2-4869-8F92-3EF4158AF141}.TestServer|x86.Build.0 = Release|Any CPU
		{07C40E7A-A4DD-41FE-BDD4-5E188209AEE4}.Debug|Any CPU.ActiveCfg = Debug|Any CPU
		{07C40E7A-A4DD-41FE-BDD4-5E188209AEE4}.Debug|Any CPU.Build.0 = Debug|Any CPU
		{07C40E7A-A4DD-41FE-BDD4-5E188209AEE4}.Debug|ARM.ActiveCfg = Debug|Any CPU
		{07C40E7A-A4DD-41FE-BDD4-5E188209AEE4}.Debug|ARM.Build.0 = Debug|Any CPU
		{07C40E7A-A4DD-41FE-BDD4-5E188209AEE4}.Debug|x64.ActiveCfg = Debug|Any CPU
		{07C40E7A-A4DD-41FE-BDD4-5E188209AEE4}.Debug|x64.Build.0 = Debug|Any CPU
		{07C40E7A-A4DD-41FE-BDD4-5E188209AEE4}.Debug|x86.ActiveCfg = Debug|Any CPU
		{07C40E7A-A4DD-41FE-BDD4-5E188209AEE4}.Debug|x86.Build.0 = Debug|Any CPU
		{07C40E7A-A4DD-41FE-BDD4-5E188209AEE4}.LocalHost|Any CPU.ActiveCfg = Release|Any CPU
		{07C40E7A-A4DD-41FE-BDD4-5E188209AEE4}.LocalHost|Any CPU.Build.0 = Release|Any CPU
		{07C40E7A-A4DD-41FE-BDD4-5E188209AEE4}.LocalHost|ARM.ActiveCfg = Release|Any CPU
		{07C40E7A-A4DD-41FE-BDD4-5E188209AEE4}.LocalHost|ARM.Build.0 = Release|Any CPU
		{07C40E7A-A4DD-41FE-BDD4-5E188209AEE4}.LocalHost|x64.ActiveCfg = Release|Any CPU
		{07C40E7A-A4DD-41FE-BDD4-5E188209AEE4}.LocalHost|x64.Build.0 = Release|Any CPU
		{07C40E7A-A4DD-41FE-BDD4-5E188209AEE4}.LocalHost|x86.ActiveCfg = Release|Any CPU
		{07C40E7A-A4DD-41FE-BDD4-5E188209AEE4}.LocalHost|x86.Build.0 = Release|Any CPU
		{07C40E7A-A4DD-41FE-BDD4-5E188209AEE4}.ProductionServer|Any CPU.ActiveCfg = Release|Any CPU
		{07C40E7A-A4DD-41FE-BDD4-5E188209AEE4}.ProductionServer|Any CPU.Build.0 = Release|Any CPU
		{07C40E7A-A4DD-41FE-BDD4-5E188209AEE4}.ProductionServer|ARM.ActiveCfg = Release|Any CPU
		{07C40E7A-A4DD-41FE-BDD4-5E188209AEE4}.ProductionServer|ARM.Build.0 = Release|Any CPU
		{07C40E7A-A4DD-41FE-BDD4-5E188209AEE4}.ProductionServer|x64.ActiveCfg = Release|Any CPU
		{07C40E7A-A4DD-41FE-BDD4-5E188209AEE4}.ProductionServer|x64.Build.0 = Release|Any CPU
		{07C40E7A-A4DD-41FE-BDD4-5E188209AEE4}.ProductionServer|x86.ActiveCfg = Release|Any CPU
		{07C40E7A-A4DD-41FE-BDD4-5E188209AEE4}.ProductionServer|x86.Build.0 = Release|Any CPU
		{07C40E7A-A4DD-41FE-BDD4-5E188209AEE4}.ProductionServerTEST|Any CPU.ActiveCfg = Release|Any CPU
		{07C40E7A-A4DD-41FE-BDD4-5E188209AEE4}.ProductionServerTEST|Any CPU.Build.0 = Release|Any CPU
		{07C40E7A-A4DD-41FE-BDD4-5E188209AEE4}.ProductionServerTEST|ARM.ActiveCfg = Release|Any CPU
		{07C40E7A-A4DD-41FE-BDD4-5E188209AEE4}.ProductionServerTEST|ARM.Build.0 = Release|Any CPU
		{07C40E7A-A4DD-41FE-BDD4-5E188209AEE4}.ProductionServerTEST|x64.ActiveCfg = Release|Any CPU
		{07C40E7A-A4DD-41FE-BDD4-5E188209AEE4}.ProductionServerTEST|x64.Build.0 = Release|Any CPU
		{07C40E7A-A4DD-41FE-BDD4-5E188209AEE4}.ProductionServerTEST|x86.ActiveCfg = Release|Any CPU
		{07C40E7A-A4DD-41FE-BDD4-5E188209AEE4}.ProductionServerTEST|x86.Build.0 = Release|Any CPU
		{07C40E7A-A4DD-41FE-BDD4-5E188209AEE4}.Release|Any CPU.ActiveCfg = Release|Any CPU
		{07C40E7A-A4DD-41FE-BDD4-5E188209AEE4}.Release|Any CPU.Build.0 = Release|Any CPU
		{07C40E7A-A4DD-41FE-BDD4-5E188209AEE4}.Release|ARM.ActiveCfg = Release|Any CPU
		{07C40E7A-A4DD-41FE-BDD4-5E188209AEE4}.Release|ARM.Build.0 = Release|Any CPU
		{07C40E7A-A4DD-41FE-BDD4-5E188209AEE4}.Release|x64.ActiveCfg = Release|Any CPU
		{07C40E7A-A4DD-41FE-BDD4-5E188209AEE4}.Release|x64.Build.0 = Release|Any CPU
		{07C40E7A-A4DD-41FE-BDD4-5E188209AEE4}.Release|x86.ActiveCfg = Release|Any CPU
		{07C40E7A-A4DD-41FE-BDD4-5E188209AEE4}.Release|x86.Build.0 = Release|Any CPU
		{07C40E7A-A4DD-41FE-BDD4-5E188209AEE4}.TestServer|Any CPU.ActiveCfg = Release|Any CPU
		{07C40E7A-A4DD-41FE-BDD4-5E188209AEE4}.TestServer|Any CPU.Build.0 = Release|Any CPU
		{07C40E7A-A4DD-41FE-BDD4-5E188209AEE4}.TestServer|ARM.ActiveCfg = Release|Any CPU
		{07C40E7A-A4DD-41FE-BDD4-5E188209AEE4}.TestServer|ARM.Build.0 = Release|Any CPU
		{07C40E7A-A4DD-41FE-BDD4-5E188209AEE4}.TestServer|x64.ActiveCfg = Release|Any CPU
		{07C40E7A-A4DD-41FE-BDD4-5E188209AEE4}.TestServer|x64.Build.0 = Release|Any CPU
		{07C40E7A-A4DD-41FE-BDD4-5E188209AEE4}.TestServer|x86.ActiveCfg = Release|Any CPU
		{07C40E7A-A4DD-41FE-BDD4-5E188209AEE4}.TestServer|x86.Build.0 = Release|Any CPU
		{6313BBDF-E79E-4DA0-A983-FFD0CC0AA0CC}.Debug|Any CPU.ActiveCfg = Debug|Any CPU
		{6313BBDF-E79E-4DA0-A983-FFD0CC0AA0CC}.Debug|Any CPU.Build.0 = Debug|Any CPU
		{6313BBDF-E79E-4DA0-A983-FFD0CC0AA0CC}.Debug|ARM.ActiveCfg = Debug|Any CPU
		{6313BBDF-E79E-4DA0-A983-FFD0CC0AA0CC}.Debug|ARM.Build.0 = Debug|Any CPU
		{6313BBDF-E79E-4DA0-A983-FFD0CC0AA0CC}.Debug|x64.ActiveCfg = Debug|Any CPU
		{6313BBDF-E79E-4DA0-A983-FFD0CC0AA0CC}.Debug|x64.Build.0 = Debug|Any CPU
		{6313BBDF-E79E-4DA0-A983-FFD0CC0AA0CC}.Debug|x86.ActiveCfg = Debug|Any CPU
		{6313BBDF-E79E-4DA0-A983-FFD0CC0AA0CC}.Debug|x86.Build.0 = Debug|Any CPU
		{6313BBDF-E79E-4DA0-A983-FFD0CC0AA0CC}.LocalHost|Any CPU.ActiveCfg = Release|Any CPU
		{6313BBDF-E79E-4DA0-A983-FFD0CC0AA0CC}.LocalHost|Any CPU.Build.0 = Release|Any CPU
		{6313BBDF-E79E-4DA0-A983-FFD0CC0AA0CC}.LocalHost|ARM.ActiveCfg = Release|Any CPU
		{6313BBDF-E79E-4DA0-A983-FFD0CC0AA0CC}.LocalHost|ARM.Build.0 = Release|Any CPU
		{6313BBDF-E79E-4DA0-A983-FFD0CC0AA0CC}.LocalHost|x64.ActiveCfg = Release|Any CPU
		{6313BBDF-E79E-4DA0-A983-FFD0CC0AA0CC}.LocalHost|x64.Build.0 = Release|Any CPU
		{6313BBDF-E79E-4DA0-A983-FFD0CC0AA0CC}.LocalHost|x86.ActiveCfg = Release|Any CPU
		{6313BBDF-E79E-4DA0-A983-FFD0CC0AA0CC}.LocalHost|x86.Build.0 = Release|Any CPU
		{6313BBDF-E79E-4DA0-A983-FFD0CC0AA0CC}.ProductionServer|Any CPU.ActiveCfg = Release|Any CPU
		{6313BBDF-E79E-4DA0-A983-FFD0CC0AA0CC}.ProductionServer|Any CPU.Build.0 = Release|Any CPU
		{6313BBDF-E79E-4DA0-A983-FFD0CC0AA0CC}.ProductionServer|ARM.ActiveCfg = Release|Any CPU
		{6313BBDF-E79E-4DA0-A983-FFD0CC0AA0CC}.ProductionServer|ARM.Build.0 = Release|Any CPU
		{6313BBDF-E79E-4DA0-A983-FFD0CC0AA0CC}.ProductionServer|x64.ActiveCfg = Release|Any CPU
		{6313BBDF-E79E-4DA0-A983-FFD0CC0AA0CC}.ProductionServer|x64.Build.0 = Release|Any CPU
		{6313BBDF-E79E-4DA0-A983-FFD0CC0AA0CC}.ProductionServer|x86.ActiveCfg = Release|Any CPU
		{6313BBDF-E79E-4DA0-A983-FFD0CC0AA0CC}.ProductionServer|x86.Build.0 = Release|Any CPU
		{6313BBDF-E79E-4DA0-A983-FFD0CC0AA0CC}.ProductionServerTEST|Any CPU.ActiveCfg = Release|Any CPU
		{6313BBDF-E79E-4DA0-A983-FFD0CC0AA0CC}.ProductionServerTEST|Any CPU.Build.0 = Release|Any CPU
		{6313BBDF-E79E-4DA0-A983-FFD0CC0AA0CC}.ProductionServerTEST|ARM.ActiveCfg = Release|Any CPU
		{6313BBDF-E79E-4DA0-A983-FFD0CC0AA0CC}.ProductionServerTEST|ARM.Build.0 = Release|Any CPU
		{6313BBDF-E79E-4DA0-A983-FFD0CC0AA0CC}.ProductionServerTEST|x64.ActiveCfg = Release|Any CPU
		{6313BBDF-E79E-4DA0-A983-FFD0CC0AA0CC}.ProductionServerTEST|x64.Build.0 = Release|Any CPU
		{6313BBDF-E79E-4DA0-A983-FFD0CC0AA0CC}.ProductionServerTEST|x86.ActiveCfg = Release|Any CPU
		{6313BBDF-E79E-4DA0-A983-FFD0CC0AA0CC}.ProductionServerTEST|x86.Build.0 = Release|Any CPU
		{6313BBDF-E79E-4DA0-A983-FFD0CC0AA0CC}.Release|Any CPU.ActiveCfg = Release|Any CPU
		{6313BBDF-E79E-4DA0-A983-FFD0CC0AA0CC}.Release|Any CPU.Build.0 = Release|Any CPU
		{6313BBDF-E79E-4DA0-A983-FFD0CC0AA0CC}.Release|ARM.ActiveCfg = Release|Any CPU
		{6313BBDF-E79E-4DA0-A983-FFD0CC0AA0CC}.Release|ARM.Build.0 = Release|Any CPU
		{6313BBDF-E79E-4DA0-A983-FFD0CC0AA0CC}.Release|x64.ActiveCfg = Release|Any CPU
		{6313BBDF-E79E-4DA0-A983-FFD0CC0AA0CC}.Release|x64.Build.0 = Release|Any CPU
		{6313BBDF-E79E-4DA0-A983-FFD0CC0AA0CC}.Release|x86.ActiveCfg = Release|Any CPU
		{6313BBDF-E79E-4DA0-A983-FFD0CC0AA0CC}.Release|x86.Build.0 = Release|Any CPU
		{6313BBDF-E79E-4DA0-A983-FFD0CC0AA0CC}.TestServer|Any CPU.ActiveCfg = Release|Any CPU
		{6313BBDF-E79E-4DA0-A983-FFD0CC0AA0CC}.TestServer|Any CPU.Build.0 = Release|Any CPU
		{6313BBDF-E79E-4DA0-A983-FFD0CC0AA0CC}.TestServer|ARM.ActiveCfg = Release|Any CPU
		{6313BBDF-E79E-4DA0-A983-FFD0CC0AA0CC}.TestServer|ARM.Build.0 = Release|Any CPU
		{6313BBDF-E79E-4DA0-A983-FFD0CC0AA0CC}.TestServer|x64.ActiveCfg = Release|Any CPU
		{6313BBDF-E79E-4DA0-A983-FFD0CC0AA0CC}.TestServer|x64.Build.0 = Release|Any CPU
		{6313BBDF-E79E-4DA0-A983-FFD0CC0AA0CC}.TestServer|x86.ActiveCfg = Release|Any CPU
		{6313BBDF-E79E-4DA0-A983-FFD0CC0AA0CC}.TestServer|x86.Build.0 = Release|Any CPU
		{03ACE18E-78BB-49F9-BFF8-A5386DB94E42}.Debug|Any CPU.ActiveCfg = Debug|Any CPU
		{03ACE18E-78BB-49F9-BFF8-A5386DB94E42}.Debug|Any CPU.Build.0 = Debug|Any CPU
		{03ACE18E-78BB-49F9-BFF8-A5386DB94E42}.Debug|ARM.ActiveCfg = Debug|Any CPU
		{03ACE18E-78BB-49F9-BFF8-A5386DB94E42}.Debug|ARM.Build.0 = Debug|Any CPU
		{03ACE18E-78BB-49F9-BFF8-A5386DB94E42}.Debug|x64.ActiveCfg = Debug|Any CPU
		{03ACE18E-78BB-49F9-BFF8-A5386DB94E42}.Debug|x64.Build.0 = Debug|Any CPU
		{03ACE18E-78BB-49F9-BFF8-A5386DB94E42}.Debug|x86.ActiveCfg = Debug|Any CPU
		{03ACE18E-78BB-49F9-BFF8-A5386DB94E42}.Debug|x86.Build.0 = Debug|Any CPU
		{03ACE18E-78BB-49F9-BFF8-A5386DB94E42}.LocalHost|Any CPU.ActiveCfg = Release|Any CPU
		{03ACE18E-78BB-49F9-BFF8-A5386DB94E42}.LocalHost|Any CPU.Build.0 = Release|Any CPU
		{03ACE18E-78BB-49F9-BFF8-A5386DB94E42}.LocalHost|ARM.ActiveCfg = Release|Any CPU
		{03ACE18E-78BB-49F9-BFF8-A5386DB94E42}.LocalHost|ARM.Build.0 = Release|Any CPU
		{03ACE18E-78BB-49F9-BFF8-A5386DB94E42}.LocalHost|x64.ActiveCfg = Release|Any CPU
		{03ACE18E-78BB-49F9-BFF8-A5386DB94E42}.LocalHost|x64.Build.0 = Release|Any CPU
		{03ACE18E-78BB-49F9-BFF8-A5386DB94E42}.LocalHost|x86.ActiveCfg = Release|Any CPU
		{03ACE18E-78BB-49F9-BFF8-A5386DB94E42}.LocalHost|x86.Build.0 = Release|Any CPU
		{03ACE18E-78BB-49F9-BFF8-A5386DB94E42}.ProductionServer|Any CPU.ActiveCfg = Release|Any CPU
		{03ACE18E-78BB-49F9-BFF8-A5386DB94E42}.ProductionServer|Any CPU.Build.0 = Release|Any CPU
		{03ACE18E-78BB-49F9-BFF8-A5386DB94E42}.ProductionServer|ARM.ActiveCfg = Release|Any CPU
		{03ACE18E-78BB-49F9-BFF8-A5386DB94E42}.ProductionServer|ARM.Build.0 = Release|Any CPU
		{03ACE18E-78BB-49F9-BFF8-A5386DB94E42}.ProductionServer|x64.ActiveCfg = Release|Any CPU
		{03ACE18E-78BB-49F9-BFF8-A5386DB94E42}.ProductionServer|x64.Build.0 = Release|Any CPU
		{03ACE18E-78BB-49F9-BFF8-A5386DB94E42}.ProductionServer|x86.ActiveCfg = Release|Any CPU
		{03ACE18E-78BB-49F9-BFF8-A5386DB94E42}.ProductionServer|x86.Build.0 = Release|Any CPU
		{03ACE18E-78BB-49F9-BFF8-A5386DB94E42}.ProductionServerTEST|Any CPU.ActiveCfg = Release|Any CPU
		{03ACE18E-78BB-49F9-BFF8-A5386DB94E42}.ProductionServerTEST|Any CPU.Build.0 = Release|Any CPU
		{03ACE18E-78BB-49F9-BFF8-A5386DB94E42}.ProductionServerTEST|ARM.ActiveCfg = Release|Any CPU
		{03ACE18E-78BB-49F9-BFF8-A5386DB94E42}.ProductionServerTEST|ARM.Build.0 = Release|Any CPU
		{03ACE18E-78BB-49F9-BFF8-A5386DB94E42}.ProductionServerTEST|x64.ActiveCfg = Release|Any CPU
		{03ACE18E-78BB-49F9-BFF8-A5386DB94E42}.ProductionServerTEST|x64.Build.0 = Release|Any CPU
		{03ACE18E-78BB-49F9-BFF8-A5386DB94E42}.ProductionServerTEST|x86.ActiveCfg = Release|Any CPU
		{03ACE18E-78BB-49F9-BFF8-A5386DB94E42}.ProductionServerTEST|x86.Build.0 = Release|Any CPU
		{03ACE18E-78BB-49F9-BFF8-A5386DB94E42}.Release|Any CPU.ActiveCfg = Release|Any CPU
		{03ACE18E-78BB-49F9-BFF8-A5386DB94E42}.Release|Any CPU.Build.0 = Release|Any CPU
		{03ACE18E-78BB-49F9-BFF8-A5386DB94E42}.Release|ARM.ActiveCfg = Release|Any CPU
		{03ACE18E-78BB-49F9-BFF8-A5386DB94E42}.Release|ARM.Build.0 = Release|Any CPU
		{03ACE18E-78BB-49F9-BFF8-A5386DB94E42}.Release|x64.ActiveCfg = Release|Any CPU
		{03ACE18E-78BB-49F9-BFF8-A5386DB94E42}.Release|x64.Build.0 = Release|Any CPU
		{03ACE18E-78BB-49F9-BFF8-A5386DB94E42}.Release|x86.ActiveCfg = Release|Any CPU
		{03ACE18E-78BB-49F9-BFF8-A5386DB94E42}.Release|x86.Build.0 = Release|Any CPU
		{03ACE18E-78BB-49F9-BFF8-A5386DB94E42}.TestServer|Any CPU.ActiveCfg = Release|Any CPU
		{03ACE18E-78BB-49F9-BFF8-A5386DB94E42}.TestServer|Any CPU.Build.0 = Release|Any CPU
		{03ACE18E-78BB-49F9-BFF8-A5386DB94E42}.TestServer|ARM.ActiveCfg = Release|Any CPU
		{03ACE18E-78BB-49F9-BFF8-A5386DB94E42}.TestServer|ARM.Build.0 = Release|Any CPU
		{03ACE18E-78BB-49F9-BFF8-A5386DB94E42}.TestServer|x64.ActiveCfg = Release|Any CPU
		{03ACE18E-78BB-49F9-BFF8-A5386DB94E42}.TestServer|x64.Build.0 = Release|Any CPU
		{03ACE18E-78BB-49F9-BFF8-A5386DB94E42}.TestServer|x86.ActiveCfg = Release|Any CPU
		{03ACE18E-78BB-49F9-BFF8-A5386DB94E42}.TestServer|x86.Build.0 = Release|Any CPU
	EndGlobalSection
	GlobalSection(SolutionProperties) = preSolution
		HideSolutionNode = FALSE
	EndGlobalSection
	GlobalSection(ExtensibilityGlobals) = postSolution
		SolutionGuid = {00CAC69E-4B03-40F8-819E-176191EA21B1}
	EndGlobalSection
EndGlobal
